lockfileVersion: '9.0'

settings:
  autoInstallPeers: true
  excludeLinksFromLockfile: false

importers:

  .:
    dependencies:
      '@leafer-in/flow':
        specifier: ^1.0.5
        version: 1.0.5
      jquery:
        specifier: ^3.7.1
        version: 3.7.1
      leafer-ui:
        specifier: ^1.0.5
        version: 1.0.5
    devDependencies:
      '@types/jquery':
        specifier: ^3.5.32
        version: 3.5.32
      '@types/node':
        specifier: ^22.7.7
        version: 22.7.7
      less:
        specifier: ^4.2.0
        version: 4.2.0
      path:
        specifier: ^0.12.7
        version: 0.12.7
      typescript:
        specifier: ^5.5.3
        version: 5.6.3
      vite:
        specifier: ^5.4.8
        version: 5.4.9(@types/node@22.7.7)(less@4.2.0)

packages:

  '@esbuild/aix-ppc64@0.21.5':
    resolution: {integrity: sha512-1SDgH6ZSPTlggy1yI6+Dbkiz8xzpHJEVAlF/AM1tHPLsf5STom9rwtjE4hKAF20FfXXNTFqEYXyJNWh1GiZedQ==}
    engines: {node: '>=12'}
    cpu: [ppc64]
    os: [aix]

  '@esbuild/android-arm64@0.21.5':
    resolution: {integrity: sha512-c0uX9VAUBQ7dTDCjq+wdyGLowMdtR/GoC2U5IYk/7D1H1JYC0qseD7+11iMP2mRLN9RcCMRcjC4YMclCzGwS/A==}
    engines: {node: '>=12'}
    cpu: [arm64]
    os: [android]

  '@esbuild/android-arm@0.21.5':
    resolution: {integrity: sha512-vCPvzSjpPHEi1siZdlvAlsPxXl7WbOVUBBAowWug4rJHb68Ox8KualB+1ocNvT5fjv6wpkX6o/iEpbDrf68zcg==}
    engines: {node: '>=12'}
    cpu: [arm]
    os: [android]

  '@esbuild/android-x64@0.21.5':
    resolution: {integrity: sha512-D7aPRUUNHRBwHxzxRvp856rjUHRFW1SdQATKXH2hqA0kAZb1hKmi02OpYRacl0TxIGz/ZmXWlbZgjwWYaCakTA==}
    engines: {node: '>=12'}
    cpu: [x64]
    os: [android]

  '@esbuild/darwin-arm64@0.21.5':
    resolution: {integrity: sha512-DwqXqZyuk5AiWWf3UfLiRDJ5EDd49zg6O9wclZ7kUMv2WRFr4HKjXp/5t8JZ11QbQfUS6/cRCKGwYhtNAY88kQ==}
    engines: {node: '>=12'}
    cpu: [arm64]
    os: [darwin]

  '@esbuild/darwin-x64@0.21.5':
    resolution: {integrity: sha512-se/JjF8NlmKVG4kNIuyWMV/22ZaerB+qaSi5MdrXtd6R08kvs2qCN4C09miupktDitvh8jRFflwGFBQcxZRjbw==}
    engines: {node: '>=12'}
    cpu: [x64]
    os: [darwin]

  '@esbuild/freebsd-arm64@0.21.5':
    resolution: {integrity: sha512-5JcRxxRDUJLX8JXp/wcBCy3pENnCgBR9bN6JsY4OmhfUtIHe3ZW0mawA7+RDAcMLrMIZaf03NlQiX9DGyB8h4g==}
    engines: {node: '>=12'}
    cpu: [arm64]
    os: [freebsd]

  '@esbuild/freebsd-x64@0.21.5':
    resolution: {integrity: sha512-J95kNBj1zkbMXtHVH29bBriQygMXqoVQOQYA+ISs0/2l3T9/kj42ow2mpqerRBxDJnmkUDCaQT/dfNXWX/ZZCQ==}
    engines: {node: '>=12'}
    cpu: [x64]
    os: [freebsd]

  '@esbuild/linux-arm64@0.21.5':
    resolution: {integrity: sha512-ibKvmyYzKsBeX8d8I7MH/TMfWDXBF3db4qM6sy+7re0YXya+K1cem3on9XgdT2EQGMu4hQyZhan7TeQ8XkGp4Q==}
    engines: {node: '>=12'}
    cpu: [arm64]
    os: [linux]

  '@esbuild/linux-arm@0.21.5':
    resolution: {integrity: sha512-bPb5AHZtbeNGjCKVZ9UGqGwo8EUu4cLq68E95A53KlxAPRmUyYv2D6F0uUI65XisGOL1hBP5mTronbgo+0bFcA==}
    engines: {node: '>=12'}
    cpu: [arm]
    os: [linux]

  '@esbuild/linux-ia32@0.21.5':
    resolution: {integrity: sha512-YvjXDqLRqPDl2dvRODYmmhz4rPeVKYvppfGYKSNGdyZkA01046pLWyRKKI3ax8fbJoK5QbxblURkwK/MWY18Tg==}
    engines: {node: '>=12'}
    cpu: [ia32]
    os: [linux]

  '@esbuild/linux-loong64@0.21.5':
    resolution: {integrity: sha512-uHf1BmMG8qEvzdrzAqg2SIG/02+4/DHB6a9Kbya0XDvwDEKCoC8ZRWI5JJvNdUjtciBGFQ5PuBlpEOXQj+JQSg==}
    engines: {node: '>=12'}
    cpu: [loong64]
    os: [linux]

  '@esbuild/linux-mips64el@0.21.5':
    resolution: {integrity: sha512-IajOmO+KJK23bj52dFSNCMsz1QP1DqM6cwLUv3W1QwyxkyIWecfafnI555fvSGqEKwjMXVLokcV5ygHW5b3Jbg==}
    engines: {node: '>=12'}
    cpu: [mips64el]
    os: [linux]

  '@esbuild/linux-ppc64@0.21.5':
    resolution: {integrity: sha512-1hHV/Z4OEfMwpLO8rp7CvlhBDnjsC3CttJXIhBi+5Aj5r+MBvy4egg7wCbe//hSsT+RvDAG7s81tAvpL2XAE4w==}
    engines: {node: '>=12'}
    cpu: [ppc64]
    os: [linux]

  '@esbuild/linux-riscv64@0.21.5':
    resolution: {integrity: sha512-2HdXDMd9GMgTGrPWnJzP2ALSokE/0O5HhTUvWIbD3YdjME8JwvSCnNGBnTThKGEB91OZhzrJ4qIIxk/SBmyDDA==}
    engines: {node: '>=12'}
    cpu: [riscv64]
    os: [linux]

  '@esbuild/linux-s390x@0.21.5':
    resolution: {integrity: sha512-zus5sxzqBJD3eXxwvjN1yQkRepANgxE9lgOW2qLnmr8ikMTphkjgXu1HR01K4FJg8h1kEEDAqDcZQtbrRnB41A==}
    engines: {node: '>=12'}
    cpu: [s390x]
    os: [linux]

  '@esbuild/linux-x64@0.21.5':
    resolution: {integrity: sha512-1rYdTpyv03iycF1+BhzrzQJCdOuAOtaqHTWJZCWvijKD2N5Xu0TtVC8/+1faWqcP9iBCWOmjmhoH94dH82BxPQ==}
    engines: {node: '>=12'}
    cpu: [x64]
    os: [linux]

  '@esbuild/netbsd-x64@0.21.5':
    resolution: {integrity: sha512-Woi2MXzXjMULccIwMnLciyZH4nCIMpWQAs049KEeMvOcNADVxo0UBIQPfSmxB3CWKedngg7sWZdLvLczpe0tLg==}
    engines: {node: '>=12'}
    cpu: [x64]
    os: [netbsd]

  '@esbuild/openbsd-x64@0.21.5':
    resolution: {integrity: sha512-HLNNw99xsvx12lFBUwoT8EVCsSvRNDVxNpjZ7bPn947b8gJPzeHWyNVhFsaerc0n3TsbOINvRP2byTZ5LKezow==}
    engines: {node: '>=12'}
    cpu: [x64]
    os: [openbsd]

  '@esbuild/sunos-x64@0.21.5':
    resolution: {integrity: sha512-6+gjmFpfy0BHU5Tpptkuh8+uw3mnrvgs+dSPQXQOv3ekbordwnzTVEb4qnIvQcYXq6gzkyTnoZ9dZG+D4garKg==}
    engines: {node: '>=12'}
    cpu: [x64]
    os: [sunos]

  '@esbuild/win32-arm64@0.21.5':
    resolution: {integrity: sha512-Z0gOTd75VvXqyq7nsl93zwahcTROgqvuAcYDUr+vOv8uHhNSKROyU961kgtCD1e95IqPKSQKH7tBTslnS3tA8A==}
    engines: {node: '>=12'}
    cpu: [arm64]
    os: [win32]

  '@esbuild/win32-ia32@0.21.5':
    resolution: {integrity: sha512-SWXFF1CL2RVNMaVs+BBClwtfZSvDgtL//G/smwAc5oVK/UPu2Gu9tIaRgFmYFFKrmg3SyAjSrElf0TiJ1v8fYA==}
    engines: {node: '>=12'}
    cpu: [ia32]
    os: [win32]

  '@esbuild/win32-x64@0.21.5':
    resolution: {integrity: sha512-tQd/1efJuzPC6rCFwEvLtci/xNFcTZknmXs98FYDfGE4wP9ClFV98nyKrzJKVPMhdDnjzLhdUyMX4PsQAPjwIw==}
    engines: {node: '>=12'}
    cpu: [x64]
    os: [win32]

  '@leafer-in/flow@1.0.5':
    resolution: {integrity: sha512-hNlTZ5WA/RgCqzl4j7A7jqnDkJn9tjxWioaXYR5azPTEBnF4QJFJEitP0SQyY3poVEYCY198+D9IVNXY07Lhuw==}

  '@leafer-in/interface@1.0.5':
    resolution: {integrity: sha512-6Jgd22NibNosrbJSoacAtwK8G0wXsALYhxwm+wsoD+o+cN9kH6WbPt3a9mOUPJiy6ZiAm5BisgvvIiOq1Zd40Q==}

  '@leafer-in/resize@1.0.5':
    resolution: {integrity: sha512-xr7vpCEFZ/CjCVXz9fFRgVxX1RFdENVh5a7VZM7Vz8FkgyQ3XPGJKGDD9KLwaU9zedWDkCpOlFpsT1hHhjQVyQ==}

  '@leafer-ui/app@1.0.5':
    resolution: {integrity: sha512-/3XK7iqcyVf05j8tY16SLHTG+a80IElbcIT3UU2eBTx97LYmUlYa4jSilOhg6VmV2fBijk2LrHO8fnhtdZxdqA==}

  '@leafer-ui/bounds@1.0.5':
    resolution: {integrity: sha512-tlfdZGEzuH2lA0hSFCI85is4W476rZKaQwOFYVKJ/84m0hORqyfpnX2gVnV5+3bzUikTAi1sTLSuUZy9ouWanA==}

  '@leafer-ui/color@1.0.5':
    resolution: {integrity: sha512-EsZvisEdNhmvNAS6ybz05pgAGbkIkjj02LAplzEnyJbqKeEa33XhfreSNVr/3Xlm1mwR1aCG9eUSudVyB7Ta+Q==}

  '@leafer-ui/core@1.0.5':
    resolution: {integrity: sha512-yXObHt1sJNGb0nawRpXfzxP137Mr67ZZX2O0BntW29AfWCG8lK0F8xk7ryvwjY6cZjFmiXNv7oJDRZVGQ61FyA==}

  '@leafer-ui/data@1.0.5':
    resolution: {integrity: sha512-3nqbGPHl0F8vEEN6j6FEbok1nR1RTHprsmTTu7fZxQNmkNlk+0MuVCkQAR67ResTtFqNsfyaHULYzeyXbaGnFQ==}

  '@leafer-ui/decorator@1.0.5':
    resolution: {integrity: sha512-rn+6f10x/TV2izFK2u0oiZnVs3SIG+klKTvhM3Lriye3eG5Z77rTtv62QF8lM0O+EHK8wXNH4GpbnRe8f7ZELQ==}

  '@leafer-ui/display-module@1.0.5':
    resolution: {integrity: sha512-F2PkmtEoW4e3PX+nD92MIdVDc2cDg7WJzxO6/b3XatmGlyrN+wOHIwxxdI+F03HVxn4xaQCZNu2/1fdX/kB6tg==}

  '@leafer-ui/display@1.0.5':
    resolution: {integrity: sha512-bZqxcrsifUnBEO7P0NGx8m/HIdvrmmygonyFBloPTODLJmMZSPAscy7h3HhI7hP056GiRUVf64ehi9D+RIaXrg==}

  '@leafer-ui/draw@1.0.5':
    resolution: {integrity: sha512-1rrzS7I4DJUtFWrvPutJkVyk0ADrfN3R7hq6YR/GztAMqIc2H+8HxTnICGVk5Ajp/4hi9SvILnshFZePKY8IeQ==}

  '@leafer-ui/effect@1.0.5':
    resolution: {integrity: sha512-LqeFax/Zjd+IY/flw/12OIjYidRo55+4g+bG+OfneMKzdKFiGJ9Vee6LgfMtgXF2rll3Ga5n5rlQ2LmBeLXxkA==}

  '@leafer-ui/event@1.0.5':
    resolution: {integrity: sha512-sQCKOVIGaZo17U4d5IqpjcHfjr7oXsiFCR9miL9W4AYUZDstumTiz+8W4RmeE3lZ4JOyg4VxcqxygUeLGI7AtQ==}

  '@leafer-ui/export@1.0.5':
    resolution: {integrity: sha512-N3i1+9bruUX1OV8/mpAObIOaWYf7AN4N2gOrJwtuAsi04rdlP8k1yeGZPKWZ7H+c09wVvo2zTrQeHNoyF/3yPA==}

  '@leafer-ui/external@1.0.5':
    resolution: {integrity: sha512-GH2Es5AVd272JUF9PxlI32Giu043CxR+c5q540B8LWh/ALcNU+GE0Etfks8us8CqdOoQhVaK7OuR/E5/R8ZTwA==}

  '@leafer-ui/hit@1.0.5':
    resolution: {integrity: sha512-0xZGGTvRmAbi5ssxCbbiagw2lubXWxQnO/Usmq50mPc6UjzT3eJxEG3eHovFn1n5Uy9vqN2pERQt7R9Obzl7Ew==}

  '@leafer-ui/interaction-web@1.0.5':
    resolution: {integrity: sha512-NpI/udfU6dNdJp3QrQpljGtgDT4IgzdEgfy1gSXMnWKh/Gi79vNt4h/LWOYkSwXxf34vURJ00jdCPbQKuwp93A==}

  '@leafer-ui/interaction@1.0.5':
    resolution: {integrity: sha512-kdMAC879m/HhfVO3via6H8EZuIJGLR0a5a5gh3VwT1FMp6rAZ5THt1B3TF8VgQ9I7KcINOiA7r9Mwq2wYMyVSQ==}

  '@leafer-ui/interface@1.0.5':
    resolution: {integrity: sha512-fg3Jdvu4Jy3Nt8BtjzuVKT18tkMNNXzzJwmbM0BjQNiEH5J6mlXy/Br4YpHgc+6DKmMYyN5gvDdLjM5Ttl0M2g==}

  '@leafer-ui/paint@1.0.5':
    resolution: {integrity: sha512-Rd2KmdwlhYRFu6UxQMsuQCAN/XU2vI4UgGHT6NAUQUXiEvzhJQ0W+i5mngCdKeHBoMOCvz+3TJ6kk4y75qf+6A==}

  '@leafer-ui/partner@1.0.5':
    resolution: {integrity: sha512-VMyG2Gesb7gPd8NRZvKbxF+MaeQiqhfBhz1dOMXkuWV8GjDV+N/SHAd8W5On81IaYgMgPcKUd9kIYaIH/uSj3w==}

  '@leafer-ui/render@1.0.5':
    resolution: {integrity: sha512-lA+qs+w487+rx7IrWToUm6sfpjU7ahC/5Cemj9yF10ofwYGZMllGvibEd+yiAqLl+35fLS+EhUERm+hraoWF1w==}

  '@leafer-ui/text@1.0.5':
    resolution: {integrity: sha512-hxFCTLU+8s7h9fGQtJ5uDejUFr1UMOFngxP6Du/AiO9mTY4nGa3bG5/WVHt1cbXqxYM7yycG0o5QC9+ZCkuHhA==}

  '@leafer-ui/type@1.0.5':
    resolution: {integrity: sha512-PZEMf5F4rBcPwfISGXJ8WrtZ4fl+TH9olwwR/4hT1PdzFHwpsnYPjIZbAzZS1aAMoBA8uwYcwaXK2LBMX1ai1g==}

  '@leafer-ui/web@1.0.5':
    resolution: {integrity: sha512-2U44A5nTJoCZOZDdYiewHi5kN5/lN++0AxBPJFdJ3oQ4W4qLV61GxNWk7Ivq7mfa+09pM0HbNWFWtmj6m9/bVw==}

  '@leafer/canvas-web@1.0.5':
    resolution: {integrity: sha512-Idw+zfUKfG/W71XLG/RSANHHw79feGLMklKcz5nzxXqoN/UGF+L3jY/3VAqLDwDl7460dIS805YyOMOmGE5Raw==}

  '@leafer/canvas@1.0.5':
    resolution: {integrity: sha512-qil2GaWzcHrVH8DdiqkS44so5sHEEd/7waBPCIE0/lGEA4HzKTf6BtACF4qOOTtwQOqBRN9U7BksTU+0AUJzvA==}

  '@leafer/core@1.0.5':
    resolution: {integrity: sha512-fctZiLp7O0hAzrh7P+uUdxtZeSBkyY4AW2sEV9gu9ttSplK0yjr7boGc3RIsf4q9MGkWxUJiIZCaBo+mZ5e4rg==}

  '@leafer/data@1.0.5':
    resolution: {integrity: sha512-cQfeCb9ONpSuEYjlztJ2qQgdueTz/qDA7BoFEDzld0Rpx7L+Bh9XRkXm6OxiFxN+2+RUWo42ChgdIUhfirKSXA==}

  '@leafer/debug@1.0.5':
    resolution: {integrity: sha512-McyAI5CgVM+Di8OLKfAYCHZvvvb5ir6Vf3WmEc4DigIgVyOGAyZ4XFMSOJvlWWaCmQVHd8v0kya8fSkDsnze8g==}

  '@leafer/decorator@1.0.5':
    resolution: {integrity: sha512-Jo6OUyOmbuBw2NndYt8vdJVT41c8lS3ZECM2ZTbswvIoF7hbIT984AjQk9YUVPzAJcg8X1w/vu3LoavGDdiS3Q==}

  '@leafer/display-module@1.0.5':
    resolution: {integrity: sha512-HtDrdf8CcNOUvOb0u/F01fM7Hcs0hZDqpUMFYa6H3v3/YweCMRit71Ir7MC3lGTduKCDboJMUDmDQU95z95p8Q==}

  '@leafer/display@1.0.5':
    resolution: {integrity: sha512-m18EMFzsU2oPq4f2/6yeHFj+XMn6uFqc3ZpHWwIyhtS33LOl/fGuDqIdZUry10sqLMrc6gEewop4FKxje+VmUg==}

  '@leafer/event@1.0.5':
    resolution: {integrity: sha512-HVF3uRcPT2ItB12QABFmrxWcMlBD2g/KIbD/BBYVtxxoJGi+d9vCeA4KpV498cvPSQWHOeNRymleGvphqeJVqg==}

  '@leafer/file@1.0.5':
    resolution: {integrity: sha512-3XCR0i5RnQg6Nym2Fk/xj3QhDsOlOrhrdxHQPyZZ6cNtt+4O3BidKlLt6tQk4aAgr/C7VMV4UUKEJInMFRcEGQ==}

  '@leafer/helper@1.0.5':
    resolution: {integrity: sha512-iKDqX2lZbLZNpI12SEG9++FvHyItvrTPILevBrI5UehnGWXh15vT+nQ2BylyXdb/JtSsYLotzplEXj3JVCPYTQ==}

  '@leafer/image-web@1.0.5':
    resolution: {integrity: sha512-868kJM8/dUrZ4jnmkcca7BD2tCwF2YSrVEJjhfp8HajgUjnJiHnW49w3IdgQrXB1w8dDsn1Ns5LMzFyMQEXduw==}

  '@leafer/image@1.0.5':
    resolution: {integrity: sha512-JgyEXCS7NLNx/FW+PF++mYQ2/O8nG0Dced8IFY4TYkYhPjd+CWODWNWlfA2G+GWTWDYA4HD6XZNDcbet8aaGJA==}

  '@leafer/interface@1.0.5':
    resolution: {integrity: sha512-HTyDtkUXiVdLtYCYMVyiHK/WhCOa0uV4o+x55jMAKSxtnzw7BekNTSZQxQciTRqb4Hu7GRrWLrNm2ed5pSjDBw==}

  '@leafer/layout@1.0.5':
    resolution: {integrity: sha512-0b6bIuFqyRBxyvKqwyYvGvhyuoVQipZ7vwQu3t1qLHviQsBoDQR7KKgmt1/cus8FaVkG57AVzwiPs6+dDTSXUw==}

  '@leafer/layouter@1.0.5':
    resolution: {integrity: sha512-0B6oVlVqiV+k1MrDuVvvZDyAqMfa50HgNBDhGTUS20eIAkeNvxFwuZPIFh2UluZzTlcQ0BhVIwjDd4QJ7ePVjg==}

  '@leafer/list@1.0.5':
    resolution: {integrity: sha512-4TZLCjFW/WzVme6vbH92T3n9OkI5R87CMAlbY8J57XzRO5R+LPmS2onh4EjH6tn8qL3lRru1uFvd5gzDbxYWHA==}

  '@leafer/math@1.0.5':
    resolution: {integrity: sha512-9FMfhwF/rvpjg6lKUHyNQ2LPtk7KCcTFMZOoCO3kfR3LuQioZSyaMSolkLls3IFYRAHEgFWs6H56gP/xE29Ypg==}

  '@leafer/partner@1.0.5':
    resolution: {integrity: sha512-PkUPMaJvMWJQYpkz0aT5/+Z0QhslvO+uGpr4v0z+gMUVMzeVwKOrRL6E2NhJV8MmvhsRoOKuuC3gtiS008d1Eg==}

  '@leafer/path@1.0.5':
    resolution: {integrity: sha512-qSCwqywu+IzBfkGktOBRiD+lZgTmhqWkoPwz/aHXeJYqQzP9YR+o5YTMgk8tNrVylLRB1GIPB4Rhx4K+rLiKXg==}

  '@leafer/platform@1.0.5':
    resolution: {integrity: sha512-7cH0694lsygJDVlZfo0yFFVU+nqJd3GeDXhHvrYpkx55W/vW//jwmTRN5UKOJVWZrYe4Bm3kIAqKMNshu0zLuA==}

  '@leafer/renderer@1.0.5':
    resolution: {integrity: sha512-kGDgohcVbkhX/8pzBirzNo6/FbTn4Y52F55mtDT0x5PnqW5ZqphJ149DVeQ/zdOS2aO5PT4pLiMJgKSIvfSogg==}

  '@leafer/selector@1.0.5':
    resolution: {integrity: sha512-KSZGILGdWau/35BHzBajvn2z7MNYctRXbgnziDVpJWsO27U/KO8UD/BP085/8rxZ2uAN3sPPvRx9b6f/aUCGQg==}

  '@leafer/task@1.0.5':
    resolution: {integrity: sha512-BHdkjvO9eGqeNxoWuOqE94hg9OBFGBQ6GNNID0qNmehQiNepzp5mI/iynfLxCU/w5FEmshFUvCVNEqNI5X9dWg==}

  '@leafer/watcher@1.0.5':
    resolution: {integrity: sha512-WfFy1h0F6bvzINVakhYl4gE+vf7JE5ImVsCupP0eV/5VKzQf9JkKNSCdllppbd7R/dz7C23odtU3gZ9wZ0F5VQ==}

  '@leafer/web@1.0.5':
    resolution: {integrity: sha512-ZhhDcVA5U7CCAYDJt31UT6MvWKys/D3rNNZ6tijn1AlK+q2l1GcvRGW6M2YDPEoJkqveoBReeZKamTsSixtlkQ==}

  '@rollup/rollup-android-arm-eabi@4.24.0':
    resolution: {integrity: sha512-Q6HJd7Y6xdB48x8ZNVDOqsbh2uByBhgK8PiQgPhwkIw/HC/YX5Ghq2mQY5sRMZWHb3VsFkWooUVOZHKr7DmDIA==}
    cpu: [arm]
    os: [android]

  '@rollup/rollup-android-arm64@4.24.0':
    resolution: {integrity: sha512-ijLnS1qFId8xhKjT81uBHuuJp2lU4x2yxa4ctFPtG+MqEE6+C5f/+X/bStmxapgmwLwiL3ih122xv8kVARNAZA==}
    cpu: [arm64]
    os: [android]

  '@rollup/rollup-darwin-arm64@4.24.0':
    resolution: {integrity: sha512-bIv+X9xeSs1XCk6DVvkO+S/z8/2AMt/2lMqdQbMrmVpgFvXlmde9mLcbQpztXm1tajC3raFDqegsH18HQPMYtA==}
    cpu: [arm64]
    os: [darwin]

  '@rollup/rollup-darwin-x64@4.24.0':
    resolution: {integrity: sha512-X6/nOwoFN7RT2svEQWUsW/5C/fYMBe4fnLK9DQk4SX4mgVBiTA9h64kjUYPvGQ0F/9xwJ5U5UfTbl6BEjaQdBQ==}
    cpu: [x64]
    os: [darwin]

  '@rollup/rollup-linux-arm-gnueabihf@4.24.0':
    resolution: {integrity: sha512-0KXvIJQMOImLCVCz9uvvdPgfyWo93aHHp8ui3FrtOP57svqrF/roSSR5pjqL2hcMp0ljeGlU4q9o/rQaAQ3AYA==}
    cpu: [arm]
    os: [linux]
    libc: [glibc]

  '@rollup/rollup-linux-arm-musleabihf@4.24.0':
    resolution: {integrity: sha512-it2BW6kKFVh8xk/BnHfakEeoLPv8STIISekpoF+nBgWM4d55CZKc7T4Dx1pEbTnYm/xEKMgy1MNtYuoA8RFIWw==}
    cpu: [arm]
    os: [linux]
    libc: [musl]

  '@rollup/rollup-linux-arm64-gnu@4.24.0':
    resolution: {integrity: sha512-i0xTLXjqap2eRfulFVlSnM5dEbTVque/3Pi4g2y7cxrs7+a9De42z4XxKLYJ7+OhE3IgxvfQM7vQc43bwTgPwA==}
    cpu: [arm64]
    os: [linux]
    libc: [glibc]

  '@rollup/rollup-linux-arm64-musl@4.24.0':
    resolution: {integrity: sha512-9E6MKUJhDuDh604Qco5yP/3qn3y7SLXYuiC0Rpr89aMScS2UAmK1wHP2b7KAa1nSjWJc/f/Lc0Wl1L47qjiyQw==}
    cpu: [arm64]
    os: [linux]
    libc: [musl]

  '@rollup/rollup-linux-powerpc64le-gnu@4.24.0':
    resolution: {integrity: sha512-2XFFPJ2XMEiF5Zi2EBf4h73oR1V/lycirxZxHZNc93SqDN/IWhYYSYj8I9381ikUFXZrz2v7r2tOVk2NBwxrWw==}
    cpu: [ppc64]
    os: [linux]
    libc: [glibc]

  '@rollup/rollup-linux-riscv64-gnu@4.24.0':
    resolution: {integrity: sha512-M3Dg4hlwuntUCdzU7KjYqbbd+BLq3JMAOhCKdBE3TcMGMZbKkDdJ5ivNdehOssMCIokNHFOsv7DO4rlEOfyKpg==}
    cpu: [riscv64]
    os: [linux]
    libc: [glibc]

  '@rollup/rollup-linux-s390x-gnu@4.24.0':
    resolution: {integrity: sha512-mjBaoo4ocxJppTorZVKWFpy1bfFj9FeCMJqzlMQGjpNPY9JwQi7OuS1axzNIk0nMX6jSgy6ZURDZ2w0QW6D56g==}
    cpu: [s390x]
    os: [linux]
    libc: [glibc]

  '@rollup/rollup-linux-x64-gnu@4.24.0':
    resolution: {integrity: sha512-ZXFk7M72R0YYFN5q13niV0B7G8/5dcQ9JDp8keJSfr3GoZeXEoMHP/HlvqROA3OMbMdfr19IjCeNAnPUG93b6A==}
    cpu: [x64]
    os: [linux]
    libc: [glibc]

  '@rollup/rollup-linux-x64-musl@4.24.0':
    resolution: {integrity: sha512-w1i+L7kAXZNdYl+vFvzSZy8Y1arS7vMgIy8wusXJzRrPyof5LAb02KGr1PD2EkRcl73kHulIID0M501lN+vobQ==}
    cpu: [x64]
    os: [linux]
    libc: [musl]

  '@rollup/rollup-win32-arm64-msvc@4.24.0':
    resolution: {integrity: sha512-VXBrnPWgBpVDCVY6XF3LEW0pOU51KbaHhccHw6AS6vBWIC60eqsH19DAeeObl+g8nKAz04QFdl/Cefta0xQtUQ==}
    cpu: [arm64]
    os: [win32]

  '@rollup/rollup-win32-ia32-msvc@4.24.0':
    resolution: {integrity: sha512-xrNcGDU0OxVcPTH/8n/ShH4UevZxKIO6HJFK0e15XItZP2UcaiLFd5kiX7hJnqCbSztUF8Qot+JWBC/QXRPYWQ==}
    cpu: [ia32]
    os: [win32]

  '@rollup/rollup-win32-x64-msvc@4.24.0':
    resolution: {integrity: sha512-fbMkAF7fufku0N2dE5TBXcNlg0pt0cJue4xBRE2Qc5Vqikxr4VCgKj/ht6SMdFcOacVA9rqF70APJ8RN/4vMJw==}
    cpu: [x64]
    os: [win32]

  '@types/estree@1.0.6':
    resolution: {integrity: sha512-AYnb1nQyY49te+VRAVgmzfcgjYS91mY5P0TKUDCLEM+gNnA+3T6rWITXRLYCpahpqSQbN5cE+gHpnPyXjHWxcw==}

  '@types/jquery@3.5.32':
    resolution: {integrity: sha512-b9Xbf4CkMqS02YH8zACqN1xzdxc3cO735Qe5AbSUFmyOiaWAbcpqh9Wna+Uk0vgACvoQHpWDg2rGdHkYPLmCiQ==}

  '@types/node@22.7.7':
    resolution: {integrity: sha512-SRxCrrg9CL/y54aiMCG3edPKdprgMVGDXjA3gB8UmmBW5TcXzRUYAh8EWzTnSJFAd1rgImPELza+A3bJ+qxz8Q==}

  '@types/sizzle@2.3.9':
    resolution: {integrity: sha512-xzLEyKB50yqCUPUJkIsrVvoWNfFUbIZI+RspLWt8u+tIW/BetMBZtgV2LY/2o+tYH8dRvQ+eoPf3NdhQCcLE2w==}

  copy-anything@2.0.6:
    resolution: {integrity: sha512-1j20GZTsvKNkc4BY3NpMOM8tt///wY3FpIzozTOFO2ffuZcV61nojHXVKIy3WM+7ADCy5FVhdZYHYDdgTU0yJw==}

  errno@0.1.8:
    resolution: {integrity: sha512-dJ6oBr5SQ1VSd9qkk7ByRgb/1SH4JZjCHSW/mr63/QcXO9zLVxvJ6Oy13nio03rxpSnVDDjFor75SjVeZWPW/A==}
    hasBin: true

  esbuild@0.21.5:
    resolution: {integrity: sha512-mg3OPMV4hXywwpoDxu3Qda5xCKQi+vCTZq8S9J/EpkhB2HzKXq4SNFZE3+NK93JYxc8VMSep+lOUSC/RVKaBqw==}
    engines: {node: '>=12'}
    hasBin: true

  fsevents@2.3.3:
    resolution: {integrity: sha512-5xoDfX+fL7faATnagmWPpbFtwh/R77WmMMqqHGS65C3vvB0YHrgF+B1YmZ3441tMj5n63k0212XNoJwzlhffQw==}
    engines: {node: ^8.16.0 || ^10.6.0 || >=11.0.0}
    os: [darwin]

  graceful-fs@4.2.11:
    resolution: {integrity: sha512-RbJ5/jmFcNNCcDV5o9eTnBLJ/HszWV0P73bc+Ff4nS/rJj+YaS6IGyiOL0VoBYX+l1Wrl3k63h/KrH+nhJ0XvQ==}

  iconv-lite@0.6.3:
    resolution: {integrity: sha512-4fCk79wshMdzMp2rH06qWrJE4iolqLhCUH+OiuIgU++RB0+94NlDL81atO7GX55uUKueo0txHNtvEyI6D7WdMw==}
    engines: {node: '>=0.10.0'}

  image-size@0.5.5:
    resolution: {integrity: sha512-6TDAlDPZxUFCv+fuOkIoXT/V/f3Qbq8e37p+YOiYrUv3v9cc3/6x78VdfPgFVaB9dZYeLUfKgHRebpkm/oP2VQ==}
    engines: {node: '>=0.10.0'}
    hasBin: true

  inherits@2.0.3:
    resolution: {integrity: sha512-x00IRNXNy63jwGkJmzPigoySHbaqpNuzKbBOmzK+g2OdZpQ9w+sxCN+VSB3ja7IAge2OP2qpfxTjeNcyjmW1uw==}

  is-what@3.14.1:
    resolution: {integrity: sha512-sNxgpk9793nzSs7bA6JQJGeIuRBQhAaNGG77kzYQgMkrID+lS6SlK07K5LaptscDlSaIgH+GPFzf+d75FVxozA==}

  jquery@3.7.1:
    resolution: {integrity: sha512-m4avr8yL8kmFN8psrbFFFmB/If14iN5o9nw/NgnnM+kybDJpRsAynV2BsfpTYrTRysYUdADVD7CkUUizgkpLfg==}

  leafer-ui@1.0.5:
    resolution: {integrity: sha512-pY/6O8jnKaPQKJ6wzYAw0aYdcfVUp5lZlgE+RT3V8IWzNewBTvGSc6P0ZS0OIvGrLbjZJEufLj4xxlbp6yiUDw==}

  less@4.2.0:
    resolution: {integrity: sha512-P3b3HJDBtSzsXUl0im2L7gTO5Ubg8mEN6G8qoTS77iXxXX4Hvu4Qj540PZDvQ8V6DmX6iXo98k7Md0Cm1PrLaA==}
    engines: {node: '>=6'}
    hasBin: true

  make-dir@2.1.0:
    resolution: {integrity: sha512-LS9X+dc8KLxXCb8dni79fLIIUA5VyZoyjSMCwTluaXA0o27cCK0bhXkpgw+sTXVpPy/lSO57ilRixqk0vDmtRA==}
    engines: {node: '>=6'}

  mime@1.6.0:
    resolution: {integrity: sha512-x0Vn8spI+wuJ1O6S7gnbaQg8Pxh4NNHb7KSINmEWKiPE4RKOplvijn+NkmYmmRgP68mc70j2EbeTFRsrswaQeg==}
    engines: {node: '>=4'}
    hasBin: true

  nanoid@3.3.7:
    resolution: {integrity: sha512-eSRppjcPIatRIMC1U6UngP8XFcz8MQWGQdt1MTBQ7NaAmvXDfvNxbvWV3x2y6CdEUciCSsDHDQZbhYaB8QEo2g==}
    engines: {node: ^10 || ^12 || ^13.7 || ^14 || >=15.0.1}
    hasBin: true

  needle@3.3.1:
    resolution: {integrity: sha512-6k0YULvhpw+RoLNiQCRKOl09Rv1dPLr8hHnVjHqdolKwDrdNyk+Hmrthi4lIGPPz3r39dLx0hsF5s40sZ3Us4Q==}
    engines: {node: '>= 4.4.x'}
    hasBin: true

  parse-node-version@1.0.1:
    resolution: {integrity: sha512-3YHlOa/JgH6Mnpr05jP9eDG254US9ek25LyIxZlDItp2iJtwyaXQb57lBYLdT3MowkUFYEV2XXNAYIPlESvJlA==}
    engines: {node: '>= 0.10'}

  path@0.12.7:
    resolution: {integrity: sha512-aXXC6s+1w7otVF9UletFkFcDsJeO7lSZBPUQhtb5O0xJe8LtYhj/GxldoL09bBj9+ZmE2hNoHqQSFMN5fikh4Q==}

  picocolors@1.1.1:
    resolution: {integrity: sha512-xceH2snhtb5M9liqDsmEw56le376mTZkEX/jEb/RxNFyegNul7eNslCXP9FDj/Lcu0X8KEyMceP2ntpaHrDEVA==}

  pify@4.0.1:
    resolution: {integrity: sha512-uB80kBFb/tfd68bVleG9T5GGsGPjJrLAUpR5PZIrhBnIaRTQRjqdJSsIKkOP6OAIFbj7GOrcudc5pNjZ+geV2g==}
    engines: {node: '>=6'}

  postcss@8.4.47:
    resolution: {integrity: sha512-56rxCq7G/XfB4EkXq9Egn5GCqugWvDFjafDOThIdMBsI15iqPqR5r15TfSr1YPYeEI19YeaXMCbY6u88Y76GLQ==}
    engines: {node: ^10 || ^12 || >=14}

  process@0.11.10:
    resolution: {integrity: sha512-cdGef/drWFoydD1JsMzuFf8100nZl+GT+yacc2bEced5f9Rjk4z+WtFUTBu9PhOi9j/jfmBPu0mMEY4wIdAF8A==}
    engines: {node: '>= 0.6.0'}

  prr@1.0.1:
    resolution: {integrity: sha512-yPw4Sng1gWghHQWj0B3ZggWUm4qVbPwPFcRG8KyxiU7J2OHFSoEHKS+EZ3fv5l1t9CyCiop6l/ZYeWbrgoQejw==}

  rollup@4.24.0:
    resolution: {integrity: sha512-DOmrlGSXNk1DM0ljiQA+i+o0rSLhtii1je5wgk60j49d1jHT5YYttBv1iWOnYSTG+fZZESUOSNiAl89SIet+Cg==}
    engines: {node: '>=18.0.0', npm: '>=8.0.0'}
    hasBin: true

  safer-buffer@2.1.2:
    resolution: {integrity: sha512-YZo3K82SD7Riyi0E1EQPojLz7kpepnSQI9IyPbHHg1XXXevb5dJI7tpyN2ADxGcQbHG7vcyRHk0cbwqcQriUtg==}

  sax@1.4.1:
    resolution: {integrity: sha512-+aWOz7yVScEGoKNd4PA10LZ8sk0A/z5+nXQG5giUO5rprX9jgYsTdov9qCchZiPIZezbZH+jRut8nPodFAX4Jg==}

  semver@5.7.2:
    resolution: {integrity: sha512-cBznnQ9KjJqU67B52RMC65CMarK2600WFnbkcaiwWq3xy/5haFJlshgnpjovMVJ+Hff49d8GEn0b87C5pDQ10g==}
    hasBin: true

  source-map-js@1.2.1:
    resolution: {integrity: sha512-UXWMKhLOwVKb728IUtQPXxfYU+usdybtUrK/8uGE8CQMvrhOpwvzDBwj0QhSL7MQc7vIsISBG8VQ8+IDQxpfQA==}
    engines: {node: '>=0.10.0'}

  source-map@0.6.1:
    resolution: {integrity: sha512-UjgapumWlbMhkBgzT7Ykc5YXUT46F0iKu8SGXq0bcwP5dz/h0Plj6enJqjz1Zbq2l5WaqYnrVbwWOWMyF3F47g==}
    engines: {node: '>=0.10.0'}

  tslib@2.8.0:
    resolution: {integrity: sha512-jWVzBLplnCmoaTr13V9dYbiQ99wvZRd0vNWaDRg+aVYRcjDF3nDksxFDE/+fkXnKhpnUUkmx5pK/v8mCtLVqZA==}

  typescript@5.6.3:
    resolution: {integrity: sha512-hjcS1mhfuyi4WW8IWtjP7brDrG2cuDZukyrYrSauoXGNgx0S7zceP07adYkJycEr56BOUTNPzbInooiN3fn1qw==}
    engines: {node: '>=14.17'}
    hasBin: true

  undici-types@6.19.8:
    resolution: {integrity: sha512-ve2KP6f/JnbPBFyobGHuerC9g1FYGn/F8n1LWTwNxCEzd6IfqTwUQcNXgEtmmQ6DlRrC1hrSrBnCZPokRrDHjw==}

  util@0.10.4:
    resolution: {integrity: sha512-0Pm9hTQ3se5ll1XihRic3FDIku70C+iHUdT/W926rSgHV5QgXsYbKZN8MSC3tJtSkhuROzvsQjAaFENRXr+19A==}

  vite@5.4.9:
    resolution: {integrity: sha512-20OVpJHh0PAM0oSOELa5GaZNWeDjcAvQjGXy2Uyr+Tp+/D2/Hdz6NLgpJLsarPTA2QJ6v8mX2P1ZfbsSKvdMkg==}
    engines: {node: ^18.0.0 || >=20.0.0}
    hasBin: true
    peerDependencies:
      '@types/node': ^18.0.0 || >=20.0.0
      less: '*'
      lightningcss: ^1.21.0
      sass: '*'
      sass-embedded: '*'
      stylus: '*'
      sugarss: '*'
      terser: ^5.4.0
    peerDependenciesMeta:
      '@types/node':
        optional: true
      less:
        optional: true
      lightningcss:
        optional: true
      sass:
        optional: true
      sass-embedded:
        optional: true
      stylus:
        optional: true
      sugarss:
        optional: true
      terser:
        optional: true

snapshots:

  '@esbuild/aix-ppc64@0.21.5':
    optional: true

  '@esbuild/android-arm64@0.21.5':
    optional: true

  '@esbuild/android-arm@0.21.5':
    optional: true

  '@esbuild/android-x64@0.21.5':
    optional: true

  '@esbuild/darwin-arm64@0.21.5':
    optional: true

  '@esbuild/darwin-x64@0.21.5':
    optional: true

  '@esbuild/freebsd-arm64@0.21.5':
    optional: true

  '@esbuild/freebsd-x64@0.21.5':
    optional: true

  '@esbuild/linux-arm64@0.21.5':
    optional: true

  '@esbuild/linux-arm@0.21.5':
    optional: true

  '@esbuild/linux-ia32@0.21.5':
    optional: true

  '@esbuild/linux-loong64@0.21.5':
    optional: true

  '@esbuild/linux-mips64el@0.21.5':
    optional: true

  '@esbuild/linux-ppc64@0.21.5':
    optional: true

  '@esbuild/linux-riscv64@0.21.5':
    optional: true

  '@esbuild/linux-s390x@0.21.5':
    optional: true

  '@esbuild/linux-x64@0.21.5':
    optional: true

  '@esbuild/netbsd-x64@0.21.5':
    optional: true

  '@esbuild/openbsd-x64@0.21.5':
    optional: true

  '@esbuild/sunos-x64@0.21.5':
    optional: true

  '@esbuild/win32-arm64@0.21.5':
    optional: true

  '@esbuild/win32-ia32@0.21.5':
    optional: true

  '@esbuild/win32-x64@0.21.5':
    optional: true

  '@leafer-in/flow@1.0.5':
    dependencies:
      '@leafer-in/interface': 1.0.5
      '@leafer-in/resize': 1.0.5
      '@leafer-ui/draw': 1.0.5
      '@leafer-ui/interface': 1.0.5

  '@leafer-in/interface@1.0.5':
    dependencies:
      '@leafer-ui/interface': 1.0.5
      '@leafer/interface': 1.0.5

  '@leafer-in/resize@1.0.5':
    dependencies:
      '@leafer-ui/draw': 1.0.5
      '@leafer-ui/interface': 1.0.5

  '@leafer-ui/app@1.0.5':
    dependencies:
      '@leafer-ui/data': 1.0.5
      '@leafer-ui/display': 1.0.5
      '@leafer-ui/type': 1.0.5
      '@leafer/core': 1.0.5

  '@leafer-ui/bounds@1.0.5':
    dependencies:
      '@leafer/core': 1.0.5

  '@leafer-ui/color@1.0.5':
    dependencies:
      '@leafer-ui/draw': 1.0.5

  '@leafer-ui/core@1.0.5':
    dependencies:
      '@leafer-ui/app': 1.0.5
      '@leafer-ui/draw': 1.0.5
      '@leafer-ui/event': 1.0.5
      '@leafer-ui/hit': 1.0.5
      '@leafer-ui/interaction': 1.0.5
      '@leafer-ui/type': 1.0.5

  '@leafer-ui/data@1.0.5':
    dependencies:
      '@leafer-ui/external': 1.0.5
      '@leafer/core': 1.0.5

  '@leafer-ui/decorator@1.0.5':
    dependencies:
      '@leafer/core': 1.0.5

  '@leafer-ui/display-module@1.0.5':
    dependencies:
      '@leafer-ui/bounds': 1.0.5
      '@leafer-ui/data': 1.0.5
      '@leafer-ui/render': 1.0.5

  '@leafer-ui/display@1.0.5':
    dependencies:
      '@leafer-ui/data': 1.0.5
      '@leafer-ui/decorator': 1.0.5
      '@leafer-ui/display-module': 1.0.5
      '@leafer-ui/external': 1.0.5
      '@leafer/core': 1.0.5

  '@leafer-ui/draw@1.0.5':
    dependencies:
      '@leafer-ui/decorator': 1.0.5
      '@leafer-ui/display': 1.0.5
      '@leafer-ui/display-module': 1.0.5
      '@leafer-ui/external': 1.0.5
      '@leafer/core': 1.0.5

  '@leafer-ui/effect@1.0.5':
    dependencies:
      '@leafer/core': 1.0.5

  '@leafer-ui/event@1.0.5':
    dependencies:
      '@leafer/core': 1.0.5

  '@leafer-ui/export@1.0.5':
    dependencies:
      '@leafer/core': 1.0.5

  '@leafer-ui/external@1.0.5':
    dependencies:
      '@leafer/core': 1.0.5

  '@leafer-ui/hit@1.0.5':
    dependencies:
      '@leafer-ui/draw': 1.0.5
      '@leafer/core': 1.0.5

  '@leafer-ui/interaction-web@1.0.5':
    dependencies:
      '@leafer-ui/core': 1.0.5
      '@leafer/core': 1.0.5

  '@leafer-ui/interaction@1.0.5':
    dependencies:
      '@leafer-ui/draw': 1.0.5
      '@leafer-ui/event': 1.0.5
      '@leafer/core': 1.0.5

  '@leafer-ui/interface@1.0.5':
    dependencies:
      '@leafer/interface': 1.0.5

  '@leafer-ui/paint@1.0.5':
    dependencies:
      '@leafer-ui/draw': 1.0.5
      '@leafer/core': 1.0.5

  '@leafer-ui/partner@1.0.5':
    dependencies:
      '@leafer-ui/color': 1.0.5
      '@leafer-ui/draw': 1.0.5
      '@leafer-ui/effect': 1.0.5
      '@leafer-ui/export': 1.0.5
      '@leafer-ui/paint': 1.0.5
      '@leafer-ui/text': 1.0.5

  '@leafer-ui/render@1.0.5':
    dependencies:
      '@leafer-ui/external': 1.0.5

  '@leafer-ui/text@1.0.5':
    dependencies:
      '@leafer/core': 1.0.5

  '@leafer-ui/type@1.0.5':
    dependencies:
      '@leafer-ui/draw': 1.0.5
      '@leafer-ui/event': 1.0.5
      '@leafer/core': 1.0.5

  '@leafer-ui/web@1.0.5':
    dependencies:
      '@leafer-ui/core': 1.0.5
      '@leafer-ui/draw': 1.0.5
      '@leafer-ui/interaction-web': 1.0.5
      '@leafer-ui/interface': 1.0.5
      '@leafer-ui/partner': 1.0.5
      '@leafer/core': 1.0.5
      '@leafer/interface': 1.0.5
      '@leafer/partner': 1.0.5
      '@leafer/web': 1.0.5

  '@leafer/canvas-web@1.0.5':
    dependencies:
      '@leafer/core': 1.0.5

  '@leafer/canvas@1.0.5':
    dependencies:
      '@leafer/data': 1.0.5
      '@leafer/debug': 1.0.5
      '@leafer/file': 1.0.5
      '@leafer/list': 1.0.5
      '@leafer/math': 1.0.5
      '@leafer/path': 1.0.5
      '@leafer/platform': 1.0.5

  '@leafer/core@1.0.5':
    dependencies:
      '@leafer/canvas': 1.0.5
      '@leafer/data': 1.0.5
      '@leafer/debug': 1.0.5
      '@leafer/decorator': 1.0.5
      '@leafer/display': 1.0.5
      '@leafer/display-module': 1.0.5
      '@leafer/event': 1.0.5
      '@leafer/file': 1.0.5
      '@leafer/helper': 1.0.5
      '@leafer/image': 1.0.5
      '@leafer/layout': 1.0.5
      '@leafer/list': 1.0.5
      '@leafer/math': 1.0.5
      '@leafer/path': 1.0.5
      '@leafer/platform': 1.0.5
      '@leafer/task': 1.0.5

  '@leafer/data@1.0.5': {}

  '@leafer/debug@1.0.5':
    dependencies:
      '@leafer/math': 1.0.5

  '@leafer/decorator@1.0.5':
    dependencies:
      '@leafer/data': 1.0.5
      '@leafer/debug': 1.0.5
      '@leafer/platform': 1.0.5

  '@leafer/display-module@1.0.5':
    dependencies:
      '@leafer/debug': 1.0.5
      '@leafer/event': 1.0.5
      '@leafer/helper': 1.0.5
      '@leafer/math': 1.0.5

  '@leafer/display@1.0.5':
    dependencies:
      '@leafer/data': 1.0.5
      '@leafer/debug': 1.0.5
      '@leafer/decorator': 1.0.5
      '@leafer/display-module': 1.0.5
      '@leafer/event': 1.0.5
      '@leafer/helper': 1.0.5
      '@leafer/layout': 1.0.5
      '@leafer/math': 1.0.5
      '@leafer/platform': 1.0.5

  '@leafer/event@1.0.5':
    dependencies:
      '@leafer/decorator': 1.0.5
      '@leafer/math': 1.0.5
      '@leafer/platform': 1.0.5

  '@leafer/file@1.0.5':
    dependencies:
      '@leafer/debug': 1.0.5

  '@leafer/helper@1.0.5':
    dependencies:
      '@leafer/math': 1.0.5

  '@leafer/image-web@1.0.5':
    dependencies:
      '@leafer/core': 1.0.5

  '@leafer/image@1.0.5':
    dependencies:
      '@leafer/file': 1.0.5
      '@leafer/platform': 1.0.5
      '@leafer/task': 1.0.5

  '@leafer/interface@1.0.5': {}

  '@leafer/layout@1.0.5':
    dependencies:
      '@leafer/helper': 1.0.5
      '@leafer/math': 1.0.5
      '@leafer/platform': 1.0.5

  '@leafer/layouter@1.0.5':
    dependencies:
      '@leafer/core': 1.0.5

  '@leafer/list@1.0.5': {}

  '@leafer/math@1.0.5': {}

  '@leafer/partner@1.0.5':
    dependencies:
      '@leafer/core': 1.0.5
      '@leafer/layouter': 1.0.5
      '@leafer/renderer': 1.0.5
      '@leafer/selector': 1.0.5
      '@leafer/watcher': 1.0.5

  '@leafer/path@1.0.5':
    dependencies:
      '@leafer/debug': 1.0.5
      '@leafer/math': 1.0.5

  '@leafer/platform@1.0.5':
    dependencies:
      '@leafer/debug': 1.0.5
      '@leafer/layouter': 1.0.5

  '@leafer/renderer@1.0.5':
    dependencies:
      '@leafer/core': 1.0.5

  '@leafer/selector@1.0.5':
    dependencies:
      '@leafer/core': 1.0.5

  '@leafer/task@1.0.5':
    dependencies:
      '@leafer/debug': 1.0.5
      '@leafer/math': 1.0.5

  '@leafer/watcher@1.0.5':
    dependencies:
      '@leafer/data': 1.0.5
      '@leafer/event': 1.0.5
      '@leafer/list': 1.0.5

  '@leafer/web@1.0.5':
    dependencies:
      '@leafer/canvas-web': 1.0.5
      '@leafer/core': 1.0.5
      '@leafer/image-web': 1.0.5

  '@rollup/rollup-android-arm-eabi@4.24.0':
    optional: true

  '@rollup/rollup-android-arm64@4.24.0':
    optional: true

  '@rollup/rollup-darwin-arm64@4.24.0':
    optional: true

  '@rollup/rollup-darwin-x64@4.24.0':
    optional: true

  '@rollup/rollup-linux-arm-gnueabihf@4.24.0':
    optional: true

  '@rollup/rollup-linux-arm-musleabihf@4.24.0':
    optional: true

  '@rollup/rollup-linux-arm64-gnu@4.24.0':
    optional: true

  '@rollup/rollup-linux-arm64-musl@4.24.0':
    optional: true

  '@rollup/rollup-linux-powerpc64le-gnu@4.24.0':
    optional: true

  '@rollup/rollup-linux-riscv64-gnu@4.24.0':
    optional: true

  '@rollup/rollup-linux-s390x-gnu@4.24.0':
    optional: true

  '@rollup/rollup-linux-x64-gnu@4.24.0':
    optional: true

  '@rollup/rollup-linux-x64-musl@4.24.0':
    optional: true

  '@rollup/rollup-win32-arm64-msvc@4.24.0':
    optional: true

  '@rollup/rollup-win32-ia32-msvc@4.24.0':
    optional: true

  '@rollup/rollup-win32-x64-msvc@4.24.0':
    optional: true

  '@types/estree@1.0.6': {}

  '@types/jquery@3.5.32':
    dependencies:
      '@types/sizzle': 2.3.9

  '@types/node@22.7.7':
    dependencies:
      undici-types: 6.19.8

  '@types/sizzle@2.3.9': {}

  copy-anything@2.0.6:
    dependencies:
      is-what: 3.14.1

  errno@0.1.8:
    dependencies:
      prr: 1.0.1
    optional: true

  esbuild@0.21.5:
    optionalDependencies:
      '@esbuild/aix-ppc64': 0.21.5
      '@esbuild/android-arm': 0.21.5
      '@esbuild/android-arm64': 0.21.5
      '@esbuild/android-x64': 0.21.5
      '@esbuild/darwin-arm64': 0.21.5
      '@esbuild/darwin-x64': 0.21.5
      '@esbuild/freebsd-arm64': 0.21.5
      '@esbuild/freebsd-x64': 0.21.5
      '@esbuild/linux-arm': 0.21.5
      '@esbuild/linux-arm64': 0.21.5
      '@esbuild/linux-ia32': 0.21.5
      '@esbuild/linux-loong64': 0.21.5
      '@esbuild/linux-mips64el': 0.21.5
      '@esbuild/linux-ppc64': 0.21.5
      '@esbuild/linux-riscv64': 0.21.5
      '@esbuild/linux-s390x': 0.21.5
      '@esbuild/linux-x64': 0.21.5
      '@esbuild/netbsd-x64': 0.21.5
      '@esbuild/openbsd-x64': 0.21.5
      '@esbuild/sunos-x64': 0.21.5
      '@esbuild/win32-arm64': 0.21.5
      '@esbuild/win32-ia32': 0.21.5
      '@esbuild/win32-x64': 0.21.5

  fsevents@2.3.3:
    optional: true

  graceful-fs@4.2.11:
    optional: true

  iconv-lite@0.6.3:
    dependencies:
      safer-buffer: 2.1.2
    optional: true

  image-size@0.5.5:
    optional: true

  inherits@2.0.3: {}

  is-what@3.14.1: {}

  jquery@3.7.1: {}

  leafer-ui@1.0.5:
    dependencies:
      '@leafer-ui/core': 1.0.5
      '@leafer-ui/draw': 1.0.5
      '@leafer-ui/interaction-web': 1.0.5
      '@leafer-ui/interface': 1.0.5
      '@leafer-ui/partner': 1.0.5
      '@leafer-ui/web': 1.0.5
      '@leafer/core': 1.0.5
      '@leafer/interface': 1.0.5
      '@leafer/partner': 1.0.5
      '@leafer/web': 1.0.5

  less@4.2.0:
    dependencies:
      copy-anything: 2.0.6
      parse-node-version: 1.0.1
      tslib: 2.8.0
    optionalDependencies:
      errno: 0.1.8
      graceful-fs: 4.2.11
      image-size: 0.5.5
      make-dir: 2.1.0
      mime: 1.6.0
      needle: 3.3.1
      source-map: 0.6.1

  make-dir@2.1.0:
    dependencies:
      pify: 4.0.1
      semver: 5.7.2
    optional: true

  mime@1.6.0:
    optional: true

  nanoid@3.3.7: {}

  needle@3.3.1:
    dependencies:
      iconv-lite: 0.6.3
      sax: 1.4.1
    optional: true

  parse-node-version@1.0.1: {}

  path@0.12.7:
    dependencies:
      process: 0.11.10
      util: 0.10.4

  picocolors@1.1.1: {}

  pify@4.0.1:
    optional: true

  postcss@8.4.47:
    dependencies:
      nanoid: 3.3.7
      picocolors: 1.1.1
      source-map-js: 1.2.1

  process@0.11.10: {}

  prr@1.0.1:
    optional: true

  rollup@4.24.0:
    dependencies:
      '@types/estree': 1.0.6
    optionalDependencies:
      '@rollup/rollup-android-arm-eabi': 4.24.0
      '@rollup/rollup-android-arm64': 4.24.0
      '@rollup/rollup-darwin-arm64': 4.24.0
      '@rollup/rollup-darwin-x64': 4.24.0
      '@rollup/rollup-linux-arm-gnueabihf': 4.24.0
      '@rollup/rollup-linux-arm-musleabihf': 4.24.0
      '@rollup/rollup-linux-arm64-gnu': 4.24.0
      '@rollup/rollup-linux-arm64-musl': 4.24.0
      '@rollup/rollup-linux-powerpc64le-gnu': 4.24.0
      '@rollup/rollup-linux-riscv64-gnu': 4.24.0
      '@rollup/rollup-linux-s390x-gnu': 4.24.0
      '@rollup/rollup-linux-x64-gnu': 4.24.0
      '@rollup/rollup-linux-x64-musl': 4.24.0
      '@rollup/rollup-win32-arm64-msvc': 4.24.0
      '@rollup/rollup-win32-ia32-msvc': 4.24.0
      '@rollup/rollup-win32-x64-msvc': 4.24.0
      fsevents: 2.3.3

  safer-buffer@2.1.2:
    optional: true

  sax@1.4.1:
    optional: true

  semver@5.7.2:
    optional: true

  source-map-js@1.2.1: {}

  source-map@0.6.1:
    optional: true

  tslib@2.8.0: {}

  typescript@5.6.3: {}

  undici-types@6.19.8: {}

  util@0.10.4:
    dependencies:
      inherits: 2.0.3

  vite@5.4.9(@types/node@22.7.7)(less@4.2.0):
    dependencies:
      esbuild: 0.21.5
      postcss: 8.4.47
      rollup: 4.24.0
    optionalDependencies:
      '@types/node': 22.7.7
      fsevents: 2.3.3
      less: 4.2.0
