lockfileVersion: '9.0'

settings:
  autoInstallPeers: true
  excludeLinksFromLockfile: false

importers:

  .:
    dependencies:
      '@leafer-in/flow':
        specifier: ^1.0.7
        version: 1.0.7
      jquery:
        specifier: ^3.7.1
        version: 3.7.1
      leafer-ui:
        specifier: ^1.0.7
        version: 1.0.7
    devDependencies:
      '@types/jquery':
        specifier: ^3.5.32
        version: 3.5.32
      '@types/node':
        specifier: ^22.7.7
        version: 22.7.9
      less:
        specifier: ^4.2.0
        version: 4.2.0
      path:
        specifier: ^0.12.7
        version: 0.12.7
      typescript:
        specifier: ^5.5.3
        version: 5.6.3
      vite:
        specifier: ^5.4.8
        version: 5.4.10(@types/node@22.7.9)(less@4.2.0)

packages:

  '@esbuild/aix-ppc64@0.21.5':
    resolution: {integrity: sha512-1SDgH6ZSPTlggy1yI6+Dbkiz8xzpHJEVAlF/AM1tHPLsf5STom9rwtjE4hKAF20FfXXNTFqEYXyJNWh1GiZedQ==}
    engines: {node: '>=12'}
    cpu: [ppc64]
    os: [aix]

  '@esbuild/android-arm64@0.21.5':
    resolution: {integrity: sha512-c0uX9VAUBQ7dTDCjq+wdyGLowMdtR/GoC2U5IYk/7D1H1JYC0qseD7+11iMP2mRLN9RcCMRcjC4YMclCzGwS/A==}
    engines: {node: '>=12'}
    cpu: [arm64]
    os: [android]

  '@esbuild/android-arm@0.21.5':
    resolution: {integrity: sha512-vCPvzSjpPHEi1siZdlvAlsPxXl7WbOVUBBAowWug4rJHb68Ox8KualB+1ocNvT5fjv6wpkX6o/iEpbDrf68zcg==}
    engines: {node: '>=12'}
    cpu: [arm]
    os: [android]

  '@esbuild/android-x64@0.21.5':
    resolution: {integrity: sha512-D7aPRUUNHRBwHxzxRvp856rjUHRFW1SdQATKXH2hqA0kAZb1hKmi02OpYRacl0TxIGz/ZmXWlbZgjwWYaCakTA==}
    engines: {node: '>=12'}
    cpu: [x64]
    os: [android]

  '@esbuild/darwin-arm64@0.21.5':
    resolution: {integrity: sha512-DwqXqZyuk5AiWWf3UfLiRDJ5EDd49zg6O9wclZ7kUMv2WRFr4HKjXp/5t8JZ11QbQfUS6/cRCKGwYhtNAY88kQ==}
    engines: {node: '>=12'}
    cpu: [arm64]
    os: [darwin]

  '@esbuild/darwin-x64@0.21.5':
    resolution: {integrity: sha512-se/JjF8NlmKVG4kNIuyWMV/22ZaerB+qaSi5MdrXtd6R08kvs2qCN4C09miupktDitvh8jRFflwGFBQcxZRjbw==}
    engines: {node: '>=12'}
    cpu: [x64]
    os: [darwin]

  '@esbuild/freebsd-arm64@0.21.5':
    resolution: {integrity: sha512-5JcRxxRDUJLX8JXp/wcBCy3pENnCgBR9bN6JsY4OmhfUtIHe3ZW0mawA7+RDAcMLrMIZaf03NlQiX9DGyB8h4g==}
    engines: {node: '>=12'}
    cpu: [arm64]
    os: [freebsd]

  '@esbuild/freebsd-x64@0.21.5':
    resolution: {integrity: sha512-J95kNBj1zkbMXtHVH29bBriQygMXqoVQOQYA+ISs0/2l3T9/kj42ow2mpqerRBxDJnmkUDCaQT/dfNXWX/ZZCQ==}
    engines: {node: '>=12'}
    cpu: [x64]
    os: [freebsd]

  '@esbuild/linux-arm64@0.21.5':
    resolution: {integrity: sha512-ibKvmyYzKsBeX8d8I7MH/TMfWDXBF3db4qM6sy+7re0YXya+K1cem3on9XgdT2EQGMu4hQyZhan7TeQ8XkGp4Q==}
    engines: {node: '>=12'}
    cpu: [arm64]
    os: [linux]

  '@esbuild/linux-arm@0.21.5':
    resolution: {integrity: sha512-bPb5AHZtbeNGjCKVZ9UGqGwo8EUu4cLq68E95A53KlxAPRmUyYv2D6F0uUI65XisGOL1hBP5mTronbgo+0bFcA==}
    engines: {node: '>=12'}
    cpu: [arm]
    os: [linux]

  '@esbuild/linux-ia32@0.21.5':
    resolution: {integrity: sha512-YvjXDqLRqPDl2dvRODYmmhz4rPeVKYvppfGYKSNGdyZkA01046pLWyRKKI3ax8fbJoK5QbxblURkwK/MWY18Tg==}
    engines: {node: '>=12'}
    cpu: [ia32]
    os: [linux]

  '@esbuild/linux-loong64@0.21.5':
    resolution: {integrity: sha512-uHf1BmMG8qEvzdrzAqg2SIG/02+4/DHB6a9Kbya0XDvwDEKCoC8ZRWI5JJvNdUjtciBGFQ5PuBlpEOXQj+JQSg==}
    engines: {node: '>=12'}
    cpu: [loong64]
    os: [linux]

  '@esbuild/linux-mips64el@0.21.5':
    resolution: {integrity: sha512-IajOmO+KJK23bj52dFSNCMsz1QP1DqM6cwLUv3W1QwyxkyIWecfafnI555fvSGqEKwjMXVLokcV5ygHW5b3Jbg==}
    engines: {node: '>=12'}
    cpu: [mips64el]
    os: [linux]

  '@esbuild/linux-ppc64@0.21.5':
    resolution: {integrity: sha512-1hHV/Z4OEfMwpLO8rp7CvlhBDnjsC3CttJXIhBi+5Aj5r+MBvy4egg7wCbe//hSsT+RvDAG7s81tAvpL2XAE4w==}
    engines: {node: '>=12'}
    cpu: [ppc64]
    os: [linux]

  '@esbuild/linux-riscv64@0.21.5':
    resolution: {integrity: sha512-2HdXDMd9GMgTGrPWnJzP2ALSokE/0O5HhTUvWIbD3YdjME8JwvSCnNGBnTThKGEB91OZhzrJ4qIIxk/SBmyDDA==}
    engines: {node: '>=12'}
    cpu: [riscv64]
    os: [linux]

  '@esbuild/linux-s390x@0.21.5':
    resolution: {integrity: sha512-zus5sxzqBJD3eXxwvjN1yQkRepANgxE9lgOW2qLnmr8ikMTphkjgXu1HR01K4FJg8h1kEEDAqDcZQtbrRnB41A==}
    engines: {node: '>=12'}
    cpu: [s390x]
    os: [linux]

  '@esbuild/linux-x64@0.21.5':
    resolution: {integrity: sha512-1rYdTpyv03iycF1+BhzrzQJCdOuAOtaqHTWJZCWvijKD2N5Xu0TtVC8/+1faWqcP9iBCWOmjmhoH94dH82BxPQ==}
    engines: {node: '>=12'}
    cpu: [x64]
    os: [linux]

  '@esbuild/netbsd-x64@0.21.5':
    resolution: {integrity: sha512-Woi2MXzXjMULccIwMnLciyZH4nCIMpWQAs049KEeMvOcNADVxo0UBIQPfSmxB3CWKedngg7sWZdLvLczpe0tLg==}
    engines: {node: '>=12'}
    cpu: [x64]
    os: [netbsd]

  '@esbuild/openbsd-x64@0.21.5':
    resolution: {integrity: sha512-HLNNw99xsvx12lFBUwoT8EVCsSvRNDVxNpjZ7bPn947b8gJPzeHWyNVhFsaerc0n3TsbOINvRP2byTZ5LKezow==}
    engines: {node: '>=12'}
    cpu: [x64]
    os: [openbsd]

  '@esbuild/sunos-x64@0.21.5':
    resolution: {integrity: sha512-6+gjmFpfy0BHU5Tpptkuh8+uw3mnrvgs+dSPQXQOv3ekbordwnzTVEb4qnIvQcYXq6gzkyTnoZ9dZG+D4garKg==}
    engines: {node: '>=12'}
    cpu: [x64]
    os: [sunos]

  '@esbuild/win32-arm64@0.21.5':
    resolution: {integrity: sha512-Z0gOTd75VvXqyq7nsl93zwahcTROgqvuAcYDUr+vOv8uHhNSKROyU961kgtCD1e95IqPKSQKH7tBTslnS3tA8A==}
    engines: {node: '>=12'}
    cpu: [arm64]
    os: [win32]

  '@esbuild/win32-ia32@0.21.5':
    resolution: {integrity: sha512-SWXFF1CL2RVNMaVs+BBClwtfZSvDgtL//G/smwAc5oVK/UPu2Gu9tIaRgFmYFFKrmg3SyAjSrElf0TiJ1v8fYA==}
    engines: {node: '>=12'}
    cpu: [ia32]
    os: [win32]

  '@esbuild/win32-x64@0.21.5':
    resolution: {integrity: sha512-tQd/1efJuzPC6rCFwEvLtci/xNFcTZknmXs98FYDfGE4wP9ClFV98nyKrzJKVPMhdDnjzLhdUyMX4PsQAPjwIw==}
    engines: {node: '>=12'}
    cpu: [x64]
    os: [win32]

  '@leafer-in/flow@1.0.7':
    resolution: {integrity: sha512-bDKbujvSR1/kje3z3dgzEwKFYN99YwMT2sy+x9kw7No25/bY7ezDWbGaH95AAyhv5XwT+YFwgjJPZ2x16LY0Ug==}

  '@leafer-in/interface@1.0.7':
    resolution: {integrity: sha512-5WG2qrXeObPbMm9K98tT5hp049Y2cv/oyR71ac4YNhF7y6SMJC9+bXiOp11xLXAFZt0SSx8H55J8wbI0N0Y8gA==}

  '@leafer-in/resize@1.0.7':
    resolution: {integrity: sha512-hzKo7sj46ZfDSbC1coa+QUHVkfbiFWAmzdrO6UlWN22g+HVPauv+ZxFyooZP0MMyaxu/nT2Uhc8VwxMzNze1yQ==}

  '@leafer-ui/app@1.0.7':
    resolution: {integrity: sha512-oup/oxxa7cQOPjF+X5doHkgThtcuYY9kd9eb87XRDvFuZJ96ncoN1Y38hyyMWR82r6nVK72ix+vqa36dZv/eDw==}

  '@leafer-ui/bounds@1.0.7':
    resolution: {integrity: sha512-sb/jJQwDeBHsOg2VFpBcrPvnjssWC3YGUiRr85Ua8ipvCxV6kMIeNVSpW5e3G4ZzovaGFHmJBQv6T1EEOk4v9Q==}

  '@leafer-ui/color@1.0.7':
    resolution: {integrity: sha512-RnZ6rZ4Hgrn/poK0oQ0wUw4Yy68NbWS2Cg9ZquEJt0wwhU7BzV+eSRet+TA9YttTRyz9treiU9vTdFsgwjBKkQ==}

  '@leafer-ui/core@1.0.7':
    resolution: {integrity: sha512-zDeURQUjNLFiPd1mcv+5Cpsq3qhMMid4V4fZr4xsueTwhBowfKtPIxbRmELTTGezz0s9JU2y3TzklhJ8EjGdJg==}

  '@leafer-ui/data@1.0.7':
    resolution: {integrity: sha512-R3Rilp2DcC7ThCsIVamipo32ztTZZHqcqAynTCb90MMxZv8lhQYiAQCB2xmr2Fp8bP3cbUaqpoxRmMfugnn4Dg==}

  '@leafer-ui/decorator@1.0.7':
    resolution: {integrity: sha512-n92cjuJdXMcLLMknA5JXRjmO5PatcZyyTBdHrZd481506d7eigRG5nDFZZPjfFKiyz+7xw+xbitew2W5tpS0sQ==}

  '@leafer-ui/display-module@1.0.7':
    resolution: {integrity: sha512-Lv4Nhdq4z3TWh/uVicY4izng3vhfB4C3X6OsJ32+o7E7MQZJOeqLeiFgIGIVDRzrUa+UVJr6vrjnGUzutdXz5Q==}

  '@leafer-ui/display@1.0.7':
    resolution: {integrity: sha512-TRcFnkkMpkUvnkbWVEx1smADB+aMxhSCWy9k9i/fNyAlliJkxm0wxCsLZWXVsrILtjDC4EId0K8VGsBFj+/Gng==}

  '@leafer-ui/draw@1.0.7':
    resolution: {integrity: sha512-GEWyV86NY6NwgkSA0jN8uMvJ+O5E74P5XybiHMQshmhazN049Gp7ITH1dSHhV7hBEb4yWmYUt+EkD9RPgKYL+w==}

  '@leafer-ui/effect@1.0.7':
    resolution: {integrity: sha512-1YKuwpRWShl31KtgGibjap4UGQ8Caaq8/jf69g2wgSdDhSNOeaikm7xwLs5+nJ+Wx6gCpVjRjBC8mGwvm8kcaw==}

  '@leafer-ui/event@1.0.7':
    resolution: {integrity: sha512-gBwxjBRDG9iVv5xlSix2n+hPeK3wNymD3vLbNI9LeVLqeWJ0TeDNKwmSUaNhqcm/exMgKlLeB7L4G6yh3NTVBg==}

  '@leafer-ui/export@1.0.7':
    resolution: {integrity: sha512-pBVsCrEms0rq78Fyf5Ae3iGuImuOcXDCwMOsCYMxg1JfyyS5wqR8ad3wybywyneu15UpWuYE2G1J/+U7jq7kjw==}

  '@leafer-ui/external@1.0.7':
    resolution: {integrity: sha512-krGoYPmL7dqdq21B6O68m59uzzhwz0ZeSN9vJkTXkw0oZGHnUI5CiFEjbBZ5sfCRadwAEgGf4nO4E5OxgbUw+Q==}

  '@leafer-ui/hit@1.0.7':
    resolution: {integrity: sha512-xFjpIleZ0eTi2g86gA3pekCi22u64i1Ed+MVRwWhG1kXrkCkgqQbsqaa6n2dHXPTM4Pqduc7aP1CfrDI3OzpuQ==}

  '@leafer-ui/interaction-web@1.0.7':
    resolution: {integrity: sha512-u3WJNfG6Z5WwL4O7UnQA1fhluItqck1jhKw7dOQrtJI1XVSbwmpBxGLDxDBV9dTAzb3llZrZH0WV2mIZFd1Cyw==}

  '@leafer-ui/interaction@1.0.7':
    resolution: {integrity: sha512-Sm1lQq814/jF9K7JgDHvlXimca5X217kh6pJGuZIuq4dJVg5xnLAincGfbtsE+572Kmy0hp0Fz/ZtwmJqdrFmA==}

  '@leafer-ui/interface@1.0.7':
    resolution: {integrity: sha512-QHiuXp5hEVckbCrgqvNqVtZ8yDc1NeYofZ1hQs+e1s86zv1t2eo+k5ABq2PQJ0kbt5NNacnJtVWRDnizdqMDTw==}

  '@leafer-ui/paint@1.0.7':
    resolution: {integrity: sha512-2wGUPuAF/PrzQuVwhmLe/b3tuBUcUPyEH/ThBAqPI1xeMsihpjFppqEHlUunO9pVXnXBMVA885KFc2hMdSiOnA==}

  '@leafer-ui/partner@1.0.7':
    resolution: {integrity: sha512-jmUBDI+kyodxWt1Q7E5c4X1qJ8yTIAlH41i4U3xpIq7oHzn7xm40HJyeuDtizv6K4+0KPxEzsb70fKf5aX5PdQ==}

  '@leafer-ui/render@1.0.7':
    resolution: {integrity: sha512-rYILbjznLZL/ml8mkpEOXLazYZ9BYX3CHCv4rb25OzEEgrHpeAjjb8RRGGxa4tRXJwwPixZspiEM9DZQ/lAWnw==}

  '@leafer-ui/text@1.0.7':
    resolution: {integrity: sha512-JMkIRdCdkdUJiNL86RNvPoz1ry50LB+z5iFG7gPw5HZ82aSHw2lv1yq2ZgHxcodS1mNHmJRMqe4fuXllimZFiQ==}

  '@leafer-ui/type@1.0.7':
    resolution: {integrity: sha512-MWlnPOrljpcUS96HbGvmBAGOJRg8mJsAIvV+xsPhkr6IYnHa2uun4cwx7p3AbmfSskjGiaTq0guU+WqpDVnjvQ==}

  '@leafer-ui/web@1.0.7':
    resolution: {integrity: sha512-sIMQeoCpHWgUtfKu9N5Ca4FxQhFwymxzPZpJN38SUMwgXSitKhbpo/ZnqZhcIaKrV6uU3JDswfzbWjYTnMFv4w==}

  '@leafer/canvas-web@1.0.7':
    resolution: {integrity: sha512-RCqj7uuPDilmIsf+yEw0pAuXz/whyiZfQH/KpwoOCFOGvEFxWYkR4Ze3AZPB+eoR5ziMRV5HL4vlCpQvVBaW4Q==}

  '@leafer/canvas@1.0.7':
    resolution: {integrity: sha512-bQ7okyru64aidak9vuFykPy36gzPEDGWuf3ELDjTU+3t9OY0SVwXZTbgc23yv2FOaob+dqaBh/p6uhhos+A27w==}

  '@leafer/core@1.0.7':
    resolution: {integrity: sha512-YSOGXjEdVvT/HS3Z95gbeK9mAwg/YFTNfSZSksTxXA7dKULDEdkQiAb4FWX47RAjDZdDaoCV7YDOVN5tbEPlpw==}

  '@leafer/data@1.0.7':
    resolution: {integrity: sha512-eDDM81s9D953VgFZzbvX+GrK+ZA/7BC12ENCyNo9ArOzH4YPkHO1O6nVlBJgglb+6RwYl1q/5pUHUKN2492qSg==}

  '@leafer/debug@1.0.7':
    resolution: {integrity: sha512-l0iGWbqGRHOqwfGcPJqVO11IOaxAGkbHitkbPU79WQ0QXIw8VIyb4/pspSYqhp7VssEv2Iw0JIUa626cYzlH+g==}

  '@leafer/decorator@1.0.7':
    resolution: {integrity: sha512-2ypfb1SdTLiJJqtcJllzYZO1wMhXm7+IdeGrGJsGKhg6tsAc5TwRq6oQ7evrz+XtwxlYTGTPxNOzVoesK7Wb/g==}

  '@leafer/display-module@1.0.7':
    resolution: {integrity: sha512-GZWBtzIYkW4yA6KdvGIdvT62B+FHf4kdF9iBkbpMXVaMXFWEeT6fCs0IV5wyXGbzBC4sPPl8/vZLKx1CZpDfhg==}

  '@leafer/display@1.0.7':
    resolution: {integrity: sha512-e02BDrP5urKA6HRGw5B3AICpbhemXkKj1H9XwGg7NrIdoWc8n9HcIlE6gY/rwZ1HD/ZZbNeN0OiKtDHIOnn/+Q==}

  '@leafer/event@1.0.7':
    resolution: {integrity: sha512-xASN3e7cBSNHUPIJPcjwf8/YuOBRgc7sPgiTLiTyBj1xeWinYPcuIkq9HhCCLILxgfyrRXzDXU5/+MpS0ui6lA==}

  '@leafer/file@1.0.7':
    resolution: {integrity: sha512-MWnyG5E8wbiNndmIio5s44scDftTeAgSYd6TlOovP0N5TlDL0u403IPjbLR0po4kuPFntyM/DmIJMEaEMqCGlw==}

  '@leafer/helper@1.0.7':
    resolution: {integrity: sha512-zCeNlXnWKk2uKyTTOvj0vAGX+FI8PEVepiYNJlBwSknONSASRFvf6y1odjcmjtkciS6RCp2RrNxqLjCOOH2VhQ==}

  '@leafer/image-web@1.0.7':
    resolution: {integrity: sha512-9hzMyGE+r0AKfUlMu9R1tmx4bhY/ayVaSqH1kcVYnDY5prt4UvhTh8LtpYOtGRHDAhZoVIG55Wx8Hn3LknpDEg==}

  '@leafer/image@1.0.7':
    resolution: {integrity: sha512-9PdqUj1fZbwG940tBPMrM8XnkUE0yyHwf5w60iHXh/aycBcrjJtJ2TDufYaD7bZZF7ne1lv9Na2K/i1GydI6Dg==}

  '@leafer/interface@1.0.7':
    resolution: {integrity: sha512-0wWl6i+56HN//tfko26TrcyXDcYZvKwp+W4HliP11YuDJCLCwLfrN2oL0xacK6R6iQlWcaN+rqegnRWy9rb7bg==}

  '@leafer/layout@1.0.7':
    resolution: {integrity: sha512-NhnMqRzuJuLd6VyCpCpTUe2koNb4HMDWWbdXUE/3FTs3/8NHZjRFQ81vYhrtcx6Jy+DIxSUZc+pZBsPe90KNag==}

  '@leafer/layouter@1.0.7':
    resolution: {integrity: sha512-LA68yJLSXLBBng/Do5APZZmpoOBe4a/I9YkGiquE3b6r8zUssUfQe/LRzGpcQPNsog52AJz23ciTyQ60YGdgPA==}

  '@leafer/list@1.0.7':
    resolution: {integrity: sha512-3tKyOpQXui4mSh1Ooz4etWbIYMRRq38TWJ7gfcdSwLTaawX6gN3/n+LV15v+p5Xbm7Zpb9Dl9B0kOalw65GUaw==}

  '@leafer/math@1.0.7':
    resolution: {integrity: sha512-m1G3fI5qwwqTp5en/2XUH7PaFBDH2Cj2a5QyshxSXSATzB23pxqj8MC7ihmjU3xhHsJ8o4exYK8/NsRkOcA1BQ==}

  '@leafer/partner@1.0.7':
    resolution: {integrity: sha512-vRzGCQRBpPnlT6QDwAKRO+tRzzOTrrUFmlSxX3x/Fx+kJAFga5RFDnAeXhGXasvSBARe62xpodQ2Ux/1ihhqcQ==}

  '@leafer/path@1.0.7':
    resolution: {integrity: sha512-/0zc7nlVKoBBJenDlW/gbd6K4VGbzdI0+aYWE+bTpiDxNVqdRAb5v7prHRisM6Px7q4GjlhFbOGBR1CpEVCrHg==}

  '@leafer/platform@1.0.7':
    resolution: {integrity: sha512-5cE081oXSZi03/wEW1NXO20ja79Aue1ZOdfQ83KqRD8Fl72uIHwrOr014u4c8/+57w1IeWvymZVbHvTE/n3sew==}

  '@leafer/renderer@1.0.7':
    resolution: {integrity: sha512-SmubzWc7tuDWkGjGzwL60h+G1I4HPtBKsY0m6ecbzyuEGGVRB28gH6w9q1vmlskv72PLlAjKnXIINDoyR+Pw2Q==}

  '@leafer/selector@1.0.7':
    resolution: {integrity: sha512-k5d/8KHnv1GMX1Gs51HEoetl8c0SqSghS7OeeDq+hggw0TvK0Sc5hkplF1bJ+BZT2aFem3GAXQlRXZiNSqgv6A==}

  '@leafer/task@1.0.7':
    resolution: {integrity: sha512-3Ew/xMCqmXayImgohyYJnCdTV1AZ3vNot4QSQ41mDEsfs3yiMx47nVDAKU9zQHYFPoM0gMOZMkjspwKmu83yDQ==}

  '@leafer/watcher@1.0.7':
    resolution: {integrity: sha512-YGRIsNCeE7OonVL/62KuVxlTsMK9Th8PTil6cz8c+Jd9AuWS82F9FGI5jz9voDrNg+Agw0GRuTTl/VN2GRdIiA==}

  '@leafer/web@1.0.7':
    resolution: {integrity: sha512-QIUu1wulA84hfE+fK5415denHRBWbKQPn71nv5ix9nLH2grA6tJtdHQEC0//cUTTk4nGKO90Ptca0Tb7nJj9pw==}

  '@rollup/rollup-android-arm-eabi@4.24.0':
    resolution: {integrity: sha512-Q6HJd7Y6xdB48x8ZNVDOqsbh2uByBhgK8PiQgPhwkIw/HC/YX5Ghq2mQY5sRMZWHb3VsFkWooUVOZHKr7DmDIA==}
    cpu: [arm]
    os: [android]

  '@rollup/rollup-android-arm64@4.24.0':
    resolution: {integrity: sha512-ijLnS1qFId8xhKjT81uBHuuJp2lU4x2yxa4ctFPtG+MqEE6+C5f/+X/bStmxapgmwLwiL3ih122xv8kVARNAZA==}
    cpu: [arm64]
    os: [android]

  '@rollup/rollup-darwin-arm64@4.24.0':
    resolution: {integrity: sha512-bIv+X9xeSs1XCk6DVvkO+S/z8/2AMt/2lMqdQbMrmVpgFvXlmde9mLcbQpztXm1tajC3raFDqegsH18HQPMYtA==}
    cpu: [arm64]
    os: [darwin]

  '@rollup/rollup-darwin-x64@4.24.0':
    resolution: {integrity: sha512-X6/nOwoFN7RT2svEQWUsW/5C/fYMBe4fnLK9DQk4SX4mgVBiTA9h64kjUYPvGQ0F/9xwJ5U5UfTbl6BEjaQdBQ==}
    cpu: [x64]
    os: [darwin]

  '@rollup/rollup-linux-arm-gnueabihf@4.24.0':
    resolution: {integrity: sha512-0KXvIJQMOImLCVCz9uvvdPgfyWo93aHHp8ui3FrtOP57svqrF/roSSR5pjqL2hcMp0ljeGlU4q9o/rQaAQ3AYA==}
    cpu: [arm]
    os: [linux]
    libc: [glibc]

  '@rollup/rollup-linux-arm-musleabihf@4.24.0':
    resolution: {integrity: sha512-it2BW6kKFVh8xk/BnHfakEeoLPv8STIISekpoF+nBgWM4d55CZKc7T4Dx1pEbTnYm/xEKMgy1MNtYuoA8RFIWw==}
    cpu: [arm]
    os: [linux]
    libc: [musl]

  '@rollup/rollup-linux-arm64-gnu@4.24.0':
    resolution: {integrity: sha512-i0xTLXjqap2eRfulFVlSnM5dEbTVque/3Pi4g2y7cxrs7+a9De42z4XxKLYJ7+OhE3IgxvfQM7vQc43bwTgPwA==}
    cpu: [arm64]
    os: [linux]
    libc: [glibc]

  '@rollup/rollup-linux-arm64-musl@4.24.0':
    resolution: {integrity: sha512-9E6MKUJhDuDh604Qco5yP/3qn3y7SLXYuiC0Rpr89aMScS2UAmK1wHP2b7KAa1nSjWJc/f/Lc0Wl1L47qjiyQw==}
    cpu: [arm64]
    os: [linux]
    libc: [musl]

  '@rollup/rollup-linux-powerpc64le-gnu@4.24.0':
    resolution: {integrity: sha512-2XFFPJ2XMEiF5Zi2EBf4h73oR1V/lycirxZxHZNc93SqDN/IWhYYSYj8I9381ikUFXZrz2v7r2tOVk2NBwxrWw==}
    cpu: [ppc64]
    os: [linux]
    libc: [glibc]

  '@rollup/rollup-linux-riscv64-gnu@4.24.0':
    resolution: {integrity: sha512-M3Dg4hlwuntUCdzU7KjYqbbd+BLq3JMAOhCKdBE3TcMGMZbKkDdJ5ivNdehOssMCIokNHFOsv7DO4rlEOfyKpg==}
    cpu: [riscv64]
    os: [linux]
    libc: [glibc]

  '@rollup/rollup-linux-s390x-gnu@4.24.0':
    resolution: {integrity: sha512-mjBaoo4ocxJppTorZVKWFpy1bfFj9FeCMJqzlMQGjpNPY9JwQi7OuS1axzNIk0nMX6jSgy6ZURDZ2w0QW6D56g==}
    cpu: [s390x]
    os: [linux]
    libc: [glibc]

  '@rollup/rollup-linux-x64-gnu@4.24.0':
    resolution: {integrity: sha512-ZXFk7M72R0YYFN5q13niV0B7G8/5dcQ9JDp8keJSfr3GoZeXEoMHP/HlvqROA3OMbMdfr19IjCeNAnPUG93b6A==}
    cpu: [x64]
    os: [linux]
    libc: [glibc]

  '@rollup/rollup-linux-x64-musl@4.24.0':
    resolution: {integrity: sha512-w1i+L7kAXZNdYl+vFvzSZy8Y1arS7vMgIy8wusXJzRrPyof5LAb02KGr1PD2EkRcl73kHulIID0M501lN+vobQ==}
    cpu: [x64]
    os: [linux]
    libc: [musl]

  '@rollup/rollup-win32-arm64-msvc@4.24.0':
    resolution: {integrity: sha512-VXBrnPWgBpVDCVY6XF3LEW0pOU51KbaHhccHw6AS6vBWIC60eqsH19DAeeObl+g8nKAz04QFdl/Cefta0xQtUQ==}
    cpu: [arm64]
    os: [win32]

  '@rollup/rollup-win32-ia32-msvc@4.24.0':
    resolution: {integrity: sha512-xrNcGDU0OxVcPTH/8n/ShH4UevZxKIO6HJFK0e15XItZP2UcaiLFd5kiX7hJnqCbSztUF8Qot+JWBC/QXRPYWQ==}
    cpu: [ia32]
    os: [win32]

  '@rollup/rollup-win32-x64-msvc@4.24.0':
    resolution: {integrity: sha512-fbMkAF7fufku0N2dE5TBXcNlg0pt0cJue4xBRE2Qc5Vqikxr4VCgKj/ht6SMdFcOacVA9rqF70APJ8RN/4vMJw==}
    cpu: [x64]
    os: [win32]

  '@types/estree@1.0.6':
    resolution: {integrity: sha512-AYnb1nQyY49te+VRAVgmzfcgjYS91mY5P0TKUDCLEM+gNnA+3T6rWITXRLYCpahpqSQbN5cE+gHpnPyXjHWxcw==}

  '@types/jquery@3.5.32':
    resolution: {integrity: sha512-b9Xbf4CkMqS02YH8zACqN1xzdxc3cO735Qe5AbSUFmyOiaWAbcpqh9Wna+Uk0vgACvoQHpWDg2rGdHkYPLmCiQ==}

  '@types/node@22.7.9':
    resolution: {integrity: sha512-jrTfRC7FM6nChvU7X2KqcrgquofrWLFDeYC1hKfwNWomVvrn7JIksqf344WN2X/y8xrgqBd2dJATZV4GbatBfg==}

  '@types/sizzle@2.3.9':
    resolution: {integrity: sha512-xzLEyKB50yqCUPUJkIsrVvoWNfFUbIZI+RspLWt8u+tIW/BetMBZtgV2LY/2o+tYH8dRvQ+eoPf3NdhQCcLE2w==}

  copy-anything@2.0.6:
    resolution: {integrity: sha512-1j20GZTsvKNkc4BY3NpMOM8tt///wY3FpIzozTOFO2ffuZcV61nojHXVKIy3WM+7ADCy5FVhdZYHYDdgTU0yJw==}

  errno@0.1.8:
    resolution: {integrity: sha512-dJ6oBr5SQ1VSd9qkk7ByRgb/1SH4JZjCHSW/mr63/QcXO9zLVxvJ6Oy13nio03rxpSnVDDjFor75SjVeZWPW/A==}
    hasBin: true

  esbuild@0.21.5:
    resolution: {integrity: sha512-mg3OPMV4hXywwpoDxu3Qda5xCKQi+vCTZq8S9J/EpkhB2HzKXq4SNFZE3+NK93JYxc8VMSep+lOUSC/RVKaBqw==}
    engines: {node: '>=12'}
    hasBin: true

  fsevents@2.3.3:
    resolution: {integrity: sha512-5xoDfX+fL7faATnagmWPpbFtwh/R77WmMMqqHGS65C3vvB0YHrgF+B1YmZ3441tMj5n63k0212XNoJwzlhffQw==}
    engines: {node: ^8.16.0 || ^10.6.0 || >=11.0.0}
    os: [darwin]

  graceful-fs@4.2.11:
    resolution: {integrity: sha512-RbJ5/jmFcNNCcDV5o9eTnBLJ/HszWV0P73bc+Ff4nS/rJj+YaS6IGyiOL0VoBYX+l1Wrl3k63h/KrH+nhJ0XvQ==}

  iconv-lite@0.6.3:
    resolution: {integrity: sha512-4fCk79wshMdzMp2rH06qWrJE4iolqLhCUH+OiuIgU++RB0+94NlDL81atO7GX55uUKueo0txHNtvEyI6D7WdMw==}
    engines: {node: '>=0.10.0'}

  image-size@0.5.5:
    resolution: {integrity: sha512-6TDAlDPZxUFCv+fuOkIoXT/V/f3Qbq8e37p+YOiYrUv3v9cc3/6x78VdfPgFVaB9dZYeLUfKgHRebpkm/oP2VQ==}
    engines: {node: '>=0.10.0'}
    hasBin: true

  inherits@2.0.3:
    resolution: {integrity: sha512-x00IRNXNy63jwGkJmzPigoySHbaqpNuzKbBOmzK+g2OdZpQ9w+sxCN+VSB3ja7IAge2OP2qpfxTjeNcyjmW1uw==}

  is-what@3.14.1:
    resolution: {integrity: sha512-sNxgpk9793nzSs7bA6JQJGeIuRBQhAaNGG77kzYQgMkrID+lS6SlK07K5LaptscDlSaIgH+GPFzf+d75FVxozA==}

  jquery@3.7.1:
    resolution: {integrity: sha512-m4avr8yL8kmFN8psrbFFFmB/If14iN5o9nw/NgnnM+kybDJpRsAynV2BsfpTYrTRysYUdADVD7CkUUizgkpLfg==}

  leafer-ui@1.0.7:
    resolution: {integrity: sha512-Ozl8ovf7hpTmbwx5muX6SCZN5DSRQkXIkx20CYOFYwPzs4ERBTYtpdfWZwMoFm1nkY6q2qemL8c0qpZVF4lJXw==}

  less@4.2.0:
    resolution: {integrity: sha512-P3b3HJDBtSzsXUl0im2L7gTO5Ubg8mEN6G8qoTS77iXxXX4Hvu4Qj540PZDvQ8V6DmX6iXo98k7Md0Cm1PrLaA==}
    engines: {node: '>=6'}
    hasBin: true

  make-dir@2.1.0:
    resolution: {integrity: sha512-LS9X+dc8KLxXCb8dni79fLIIUA5VyZoyjSMCwTluaXA0o27cCK0bhXkpgw+sTXVpPy/lSO57ilRixqk0vDmtRA==}
    engines: {node: '>=6'}

  mime@1.6.0:
    resolution: {integrity: sha512-x0Vn8spI+wuJ1O6S7gnbaQg8Pxh4NNHb7KSINmEWKiPE4RKOplvijn+NkmYmmRgP68mc70j2EbeTFRsrswaQeg==}
    engines: {node: '>=4'}
    hasBin: true

  nanoid@3.3.7:
    resolution: {integrity: sha512-eSRppjcPIatRIMC1U6UngP8XFcz8MQWGQdt1MTBQ7NaAmvXDfvNxbvWV3x2y6CdEUciCSsDHDQZbhYaB8QEo2g==}
    engines: {node: ^10 || ^12 || ^13.7 || ^14 || >=15.0.1}
    hasBin: true

  needle@3.3.1:
    resolution: {integrity: sha512-6k0YULvhpw+RoLNiQCRKOl09Rv1dPLr8hHnVjHqdolKwDrdNyk+Hmrthi4lIGPPz3r39dLx0hsF5s40sZ3Us4Q==}
    engines: {node: '>= 4.4.x'}
    hasBin: true

  parse-node-version@1.0.1:
    resolution: {integrity: sha512-3YHlOa/JgH6Mnpr05jP9eDG254US9ek25LyIxZlDItp2iJtwyaXQb57lBYLdT3MowkUFYEV2XXNAYIPlESvJlA==}
    engines: {node: '>= 0.10'}

  path@0.12.7:
    resolution: {integrity: sha512-aXXC6s+1w7otVF9UletFkFcDsJeO7lSZBPUQhtb5O0xJe8LtYhj/GxldoL09bBj9+ZmE2hNoHqQSFMN5fikh4Q==}

  picocolors@1.1.1:
    resolution: {integrity: sha512-xceH2snhtb5M9liqDsmEw56le376mTZkEX/jEb/RxNFyegNul7eNslCXP9FDj/Lcu0X8KEyMceP2ntpaHrDEVA==}

  pify@4.0.1:
    resolution: {integrity: sha512-uB80kBFb/tfd68bVleG9T5GGsGPjJrLAUpR5PZIrhBnIaRTQRjqdJSsIKkOP6OAIFbj7GOrcudc5pNjZ+geV2g==}
    engines: {node: '>=6'}

  postcss@8.4.47:
    resolution: {integrity: sha512-56rxCq7G/XfB4EkXq9Egn5GCqugWvDFjafDOThIdMBsI15iqPqR5r15TfSr1YPYeEI19YeaXMCbY6u88Y76GLQ==}
    engines: {node: ^10 || ^12 || >=14}

  process@0.11.10:
    resolution: {integrity: sha512-cdGef/drWFoydD1JsMzuFf8100nZl+GT+yacc2bEced5f9Rjk4z+WtFUTBu9PhOi9j/jfmBPu0mMEY4wIdAF8A==}
    engines: {node: '>= 0.6.0'}

  prr@1.0.1:
    resolution: {integrity: sha512-yPw4Sng1gWghHQWj0B3ZggWUm4qVbPwPFcRG8KyxiU7J2OHFSoEHKS+EZ3fv5l1t9CyCiop6l/ZYeWbrgoQejw==}

  rollup@4.24.0:
    resolution: {integrity: sha512-DOmrlGSXNk1DM0ljiQA+i+o0rSLhtii1je5wgk60j49d1jHT5YYttBv1iWOnYSTG+fZZESUOSNiAl89SIet+Cg==}
    engines: {node: '>=18.0.0', npm: '>=8.0.0'}
    hasBin: true

  safer-buffer@2.1.2:
    resolution: {integrity: sha512-YZo3K82SD7Riyi0E1EQPojLz7kpepnSQI9IyPbHHg1XXXevb5dJI7tpyN2ADxGcQbHG7vcyRHk0cbwqcQriUtg==}

  sax@1.4.1:
    resolution: {integrity: sha512-+aWOz7yVScEGoKNd4PA10LZ8sk0A/z5+nXQG5giUO5rprX9jgYsTdov9qCchZiPIZezbZH+jRut8nPodFAX4Jg==}

  semver@5.7.2:
    resolution: {integrity: sha512-cBznnQ9KjJqU67B52RMC65CMarK2600WFnbkcaiwWq3xy/5haFJlshgnpjovMVJ+Hff49d8GEn0b87C5pDQ10g==}
    hasBin: true

  source-map-js@1.2.1:
    resolution: {integrity: sha512-UXWMKhLOwVKb728IUtQPXxfYU+usdybtUrK/8uGE8CQMvrhOpwvzDBwj0QhSL7MQc7vIsISBG8VQ8+IDQxpfQA==}
    engines: {node: '>=0.10.0'}

  source-map@0.6.1:
    resolution: {integrity: sha512-UjgapumWlbMhkBgzT7Ykc5YXUT46F0iKu8SGXq0bcwP5dz/h0Plj6enJqjz1Zbq2l5WaqYnrVbwWOWMyF3F47g==}
    engines: {node: '>=0.10.0'}

  tslib@2.8.0:
    resolution: {integrity: sha512-jWVzBLplnCmoaTr13V9dYbiQ99wvZRd0vNWaDRg+aVYRcjDF3nDksxFDE/+fkXnKhpnUUkmx5pK/v8mCtLVqZA==}

  typescript@5.6.3:
    resolution: {integrity: sha512-hjcS1mhfuyi4WW8IWtjP7brDrG2cuDZukyrYrSauoXGNgx0S7zceP07adYkJycEr56BOUTNPzbInooiN3fn1qw==}
    engines: {node: '>=14.17'}
    hasBin: true

  undici-types@6.19.8:
    resolution: {integrity: sha512-ve2KP6f/JnbPBFyobGHuerC9g1FYGn/F8n1LWTwNxCEzd6IfqTwUQcNXgEtmmQ6DlRrC1hrSrBnCZPokRrDHjw==}

  util@0.10.4:
    resolution: {integrity: sha512-0Pm9hTQ3se5ll1XihRic3FDIku70C+iHUdT/W926rSgHV5QgXsYbKZN8MSC3tJtSkhuROzvsQjAaFENRXr+19A==}

  vite@5.4.10:
    resolution: {integrity: sha512-1hvaPshuPUtxeQ0hsVH3Mud0ZanOLwVTneA1EgbAM5LhaZEqyPWGRQ7BtaMvUrTDeEaC8pxtj6a6jku3x4z6SQ==}
    engines: {node: ^18.0.0 || >=20.0.0}
    hasBin: true
    peerDependencies:
      '@types/node': ^18.0.0 || >=20.0.0
      less: '*'
      lightningcss: ^1.21.0
      sass: '*'
      sass-embedded: '*'
      stylus: '*'
      sugarss: '*'
      terser: ^5.4.0
    peerDependenciesMeta:
      '@types/node':
        optional: true
      less:
        optional: true
      lightningcss:
        optional: true
      sass:
        optional: true
      sass-embedded:
        optional: true
      stylus:
        optional: true
      sugarss:
        optional: true
      terser:
        optional: true

snapshots:

  '@esbuild/aix-ppc64@0.21.5':
    optional: true

  '@esbuild/android-arm64@0.21.5':
    optional: true

  '@esbuild/android-arm@0.21.5':
    optional: true

  '@esbuild/android-x64@0.21.5':
    optional: true

  '@esbuild/darwin-arm64@0.21.5':
    optional: true

  '@esbuild/darwin-x64@0.21.5':
    optional: true

  '@esbuild/freebsd-arm64@0.21.5':
    optional: true

  '@esbuild/freebsd-x64@0.21.5':
    optional: true

  '@esbuild/linux-arm64@0.21.5':
    optional: true

  '@esbuild/linux-arm@0.21.5':
    optional: true

  '@esbuild/linux-ia32@0.21.5':
    optional: true

  '@esbuild/linux-loong64@0.21.5':
    optional: true

  '@esbuild/linux-mips64el@0.21.5':
    optional: true

  '@esbuild/linux-ppc64@0.21.5':
    optional: true

  '@esbuild/linux-riscv64@0.21.5':
    optional: true

  '@esbuild/linux-s390x@0.21.5':
    optional: true

  '@esbuild/linux-x64@0.21.5':
    optional: true

  '@esbuild/netbsd-x64@0.21.5':
    optional: true

  '@esbuild/openbsd-x64@0.21.5':
    optional: true

  '@esbuild/sunos-x64@0.21.5':
    optional: true

  '@esbuild/win32-arm64@0.21.5':
    optional: true

  '@esbuild/win32-ia32@0.21.5':
    optional: true

  '@esbuild/win32-x64@0.21.5':
    optional: true

  '@leafer-in/flow@1.0.7':
    dependencies:
      '@leafer-in/interface': 1.0.7
      '@leafer-in/resize': 1.0.7
      '@leafer-ui/draw': 1.0.7
      '@leafer-ui/interface': 1.0.7

  '@leafer-in/interface@1.0.7':
    dependencies:
      '@leafer-ui/interface': 1.0.7
      '@leafer/interface': 1.0.7

  '@leafer-in/resize@1.0.7':
    dependencies:
      '@leafer-ui/draw': 1.0.7
      '@leafer-ui/interface': 1.0.7

  '@leafer-ui/app@1.0.7':
    dependencies:
      '@leafer-ui/data': 1.0.7
      '@leafer-ui/display': 1.0.7
      '@leafer-ui/type': 1.0.7
      '@leafer/core': 1.0.7

  '@leafer-ui/bounds@1.0.7':
    dependencies:
      '@leafer/core': 1.0.7

  '@leafer-ui/color@1.0.7':
    dependencies:
      '@leafer-ui/draw': 1.0.7

  '@leafer-ui/core@1.0.7':
    dependencies:
      '@leafer-ui/app': 1.0.7
      '@leafer-ui/draw': 1.0.7
      '@leafer-ui/event': 1.0.7
      '@leafer-ui/hit': 1.0.7
      '@leafer-ui/interaction': 1.0.7
      '@leafer-ui/type': 1.0.7

  '@leafer-ui/data@1.0.7':
    dependencies:
      '@leafer-ui/external': 1.0.7
      '@leafer/core': 1.0.7

  '@leafer-ui/decorator@1.0.7':
    dependencies:
      '@leafer/core': 1.0.7

  '@leafer-ui/display-module@1.0.7':
    dependencies:
      '@leafer-ui/bounds': 1.0.7
      '@leafer-ui/data': 1.0.7
      '@leafer-ui/render': 1.0.7

  '@leafer-ui/display@1.0.7':
    dependencies:
      '@leafer-ui/data': 1.0.7
      '@leafer-ui/decorator': 1.0.7
      '@leafer-ui/display-module': 1.0.7
      '@leafer-ui/external': 1.0.7
      '@leafer/core': 1.0.7

  '@leafer-ui/draw@1.0.7':
    dependencies:
      '@leafer-ui/decorator': 1.0.7
      '@leafer-ui/display': 1.0.7
      '@leafer-ui/display-module': 1.0.7
      '@leafer-ui/external': 1.0.7
      '@leafer/core': 1.0.7

  '@leafer-ui/effect@1.0.7':
    dependencies:
      '@leafer/core': 1.0.7

  '@leafer-ui/event@1.0.7':
    dependencies:
      '@leafer/core': 1.0.7

  '@leafer-ui/export@1.0.7':
    dependencies:
      '@leafer/core': 1.0.7

  '@leafer-ui/external@1.0.7':
    dependencies:
      '@leafer/core': 1.0.7

  '@leafer-ui/hit@1.0.7':
    dependencies:
      '@leafer-ui/draw': 1.0.7
      '@leafer/core': 1.0.7

  '@leafer-ui/interaction-web@1.0.7':
    dependencies:
      '@leafer-ui/core': 1.0.7
      '@leafer/core': 1.0.7

  '@leafer-ui/interaction@1.0.7':
    dependencies:
      '@leafer-ui/draw': 1.0.7
      '@leafer-ui/event': 1.0.7
      '@leafer/core': 1.0.7

  '@leafer-ui/interface@1.0.7':
    dependencies:
      '@leafer/interface': 1.0.7

  '@leafer-ui/paint@1.0.7':
    dependencies:
      '@leafer-ui/draw': 1.0.7
      '@leafer/core': 1.0.7

  '@leafer-ui/partner@1.0.7':
    dependencies:
      '@leafer-ui/color': 1.0.7
      '@leafer-ui/draw': 1.0.7
      '@leafer-ui/effect': 1.0.7
      '@leafer-ui/export': 1.0.7
      '@leafer-ui/paint': 1.0.7
      '@leafer-ui/text': 1.0.7

  '@leafer-ui/render@1.0.7':
    dependencies:
      '@leafer-ui/external': 1.0.7

  '@leafer-ui/text@1.0.7':
    dependencies:
      '@leafer/core': 1.0.7

  '@leafer-ui/type@1.0.7':
    dependencies:
      '@leafer-ui/draw': 1.0.7
      '@leafer-ui/event': 1.0.7
      '@leafer/core': 1.0.7

  '@leafer-ui/web@1.0.7':
    dependencies:
      '@leafer-ui/core': 1.0.7
      '@leafer-ui/draw': 1.0.7
      '@leafer-ui/interaction-web': 1.0.7
      '@leafer-ui/interface': 1.0.7
      '@leafer-ui/partner': 1.0.7
      '@leafer/core': 1.0.7
      '@leafer/interface': 1.0.7
      '@leafer/partner': 1.0.7
      '@leafer/web': 1.0.7

  '@leafer/canvas-web@1.0.7':
    dependencies:
      '@leafer/core': 1.0.7

  '@leafer/canvas@1.0.7':
    dependencies:
      '@leafer/data': 1.0.7
      '@leafer/debug': 1.0.7
      '@leafer/file': 1.0.7
      '@leafer/list': 1.0.7
      '@leafer/math': 1.0.7
      '@leafer/path': 1.0.7
      '@leafer/platform': 1.0.7

  '@leafer/core@1.0.7':
    dependencies:
      '@leafer/canvas': 1.0.7
      '@leafer/data': 1.0.7
      '@leafer/debug': 1.0.7
      '@leafer/decorator': 1.0.7
      '@leafer/display': 1.0.7
      '@leafer/display-module': 1.0.7
      '@leafer/event': 1.0.7
      '@leafer/file': 1.0.7
      '@leafer/helper': 1.0.7
      '@leafer/image': 1.0.7
      '@leafer/layout': 1.0.7
      '@leafer/list': 1.0.7
      '@leafer/math': 1.0.7
      '@leafer/path': 1.0.7
      '@leafer/platform': 1.0.7
      '@leafer/task': 1.0.7

  '@leafer/data@1.0.7': {}

  '@leafer/debug@1.0.7':
    dependencies:
      '@leafer/math': 1.0.7

  '@leafer/decorator@1.0.7':
    dependencies:
      '@leafer/data': 1.0.7
      '@leafer/debug': 1.0.7
      '@leafer/platform': 1.0.7

  '@leafer/display-module@1.0.7':
    dependencies:
      '@leafer/debug': 1.0.7
      '@leafer/event': 1.0.7
      '@leafer/helper': 1.0.7
      '@leafer/math': 1.0.7

  '@leafer/display@1.0.7':
    dependencies:
      '@leafer/data': 1.0.7
      '@leafer/debug': 1.0.7
      '@leafer/decorator': 1.0.7
      '@leafer/display-module': 1.0.7
      '@leafer/event': 1.0.7
      '@leafer/helper': 1.0.7
      '@leafer/layout': 1.0.7
      '@leafer/math': 1.0.7
      '@leafer/platform': 1.0.7

  '@leafer/event@1.0.7':
    dependencies:
      '@leafer/decorator': 1.0.7
      '@leafer/math': 1.0.7
      '@leafer/platform': 1.0.7

  '@leafer/file@1.0.7':
    dependencies:
      '@leafer/debug': 1.0.7

  '@leafer/helper@1.0.7':
    dependencies:
      '@leafer/math': 1.0.7

  '@leafer/image-web@1.0.7':
    dependencies:
      '@leafer/core': 1.0.7

  '@leafer/image@1.0.7':
    dependencies:
      '@leafer/file': 1.0.7
      '@leafer/platform': 1.0.7
      '@leafer/task': 1.0.7

  '@leafer/interface@1.0.7': {}

  '@leafer/layout@1.0.7':
    dependencies:
      '@leafer/helper': 1.0.7
      '@leafer/math': 1.0.7
      '@leafer/platform': 1.0.7

  '@leafer/layouter@1.0.7':
    dependencies:
      '@leafer/core': 1.0.7

  '@leafer/list@1.0.7': {}

  '@leafer/math@1.0.7': {}

  '@leafer/partner@1.0.7':
    dependencies:
      '@leafer/core': 1.0.7
      '@leafer/layouter': 1.0.7
      '@leafer/renderer': 1.0.7
      '@leafer/selector': 1.0.7
      '@leafer/watcher': 1.0.7

  '@leafer/path@1.0.7':
    dependencies:
      '@leafer/debug': 1.0.7
      '@leafer/math': 1.0.7

  '@leafer/platform@1.0.7':
    dependencies:
      '@leafer/debug': 1.0.7
      '@leafer/layouter': 1.0.7

  '@leafer/renderer@1.0.7':
    dependencies:
      '@leafer/core': 1.0.7

  '@leafer/selector@1.0.7':
    dependencies:
      '@leafer/core': 1.0.7

  '@leafer/task@1.0.7':
    dependencies:
      '@leafer/debug': 1.0.7
      '@leafer/math': 1.0.7

  '@leafer/watcher@1.0.7':
    dependencies:
      '@leafer/data': 1.0.7
      '@leafer/event': 1.0.7
      '@leafer/list': 1.0.7

  '@leafer/web@1.0.7':
    dependencies:
      '@leafer/canvas-web': 1.0.7
      '@leafer/core': 1.0.7
      '@leafer/image-web': 1.0.7

  '@rollup/rollup-android-arm-eabi@4.24.0':
    optional: true

  '@rollup/rollup-android-arm64@4.24.0':
    optional: true

  '@rollup/rollup-darwin-arm64@4.24.0':
    optional: true

  '@rollup/rollup-darwin-x64@4.24.0':
    optional: true

  '@rollup/rollup-linux-arm-gnueabihf@4.24.0':
    optional: true

  '@rollup/rollup-linux-arm-musleabihf@4.24.0':
    optional: true

  '@rollup/rollup-linux-arm64-gnu@4.24.0':
    optional: true

  '@rollup/rollup-linux-arm64-musl@4.24.0':
    optional: true

  '@rollup/rollup-linux-powerpc64le-gnu@4.24.0':
    optional: true

  '@rollup/rollup-linux-riscv64-gnu@4.24.0':
    optional: true

  '@rollup/rollup-linux-s390x-gnu@4.24.0':
    optional: true

  '@rollup/rollup-linux-x64-gnu@4.24.0':
    optional: true

  '@rollup/rollup-linux-x64-musl@4.24.0':
    optional: true

  '@rollup/rollup-win32-arm64-msvc@4.24.0':
    optional: true

  '@rollup/rollup-win32-ia32-msvc@4.24.0':
    optional: true

  '@rollup/rollup-win32-x64-msvc@4.24.0':
    optional: true

  '@types/estree@1.0.6': {}

  '@types/jquery@3.5.32':
    dependencies:
      '@types/sizzle': 2.3.9

  '@types/node@22.7.9':
    dependencies:
      undici-types: 6.19.8

  '@types/sizzle@2.3.9': {}

  copy-anything@2.0.6:
    dependencies:
      is-what: 3.14.1

  errno@0.1.8:
    dependencies:
      prr: 1.0.1
    optional: true

  esbuild@0.21.5:
    optionalDependencies:
      '@esbuild/aix-ppc64': 0.21.5
      '@esbuild/android-arm': 0.21.5
      '@esbuild/android-arm64': 0.21.5
      '@esbuild/android-x64': 0.21.5
      '@esbuild/darwin-arm64': 0.21.5
      '@esbuild/darwin-x64': 0.21.5
      '@esbuild/freebsd-arm64': 0.21.5
      '@esbuild/freebsd-x64': 0.21.5
      '@esbuild/linux-arm': 0.21.5
      '@esbuild/linux-arm64': 0.21.5
      '@esbuild/linux-ia32': 0.21.5
      '@esbuild/linux-loong64': 0.21.5
      '@esbuild/linux-mips64el': 0.21.5
      '@esbuild/linux-ppc64': 0.21.5
      '@esbuild/linux-riscv64': 0.21.5
      '@esbuild/linux-s390x': 0.21.5
      '@esbuild/linux-x64': 0.21.5
      '@esbuild/netbsd-x64': 0.21.5
      '@esbuild/openbsd-x64': 0.21.5
      '@esbuild/sunos-x64': 0.21.5
      '@esbuild/win32-arm64': 0.21.5
      '@esbuild/win32-ia32': 0.21.5
      '@esbuild/win32-x64': 0.21.5

  fsevents@2.3.3:
    optional: true

  graceful-fs@4.2.11:
    optional: true

  iconv-lite@0.6.3:
    dependencies:
      safer-buffer: 2.1.2
    optional: true

  image-size@0.5.5:
    optional: true

  inherits@2.0.3: {}

  is-what@3.14.1: {}

  jquery@3.7.1: {}

  leafer-ui@1.0.7:
    dependencies:
      '@leafer-ui/core': 1.0.7
      '@leafer-ui/draw': 1.0.7
      '@leafer-ui/interaction-web': 1.0.7
      '@leafer-ui/interface': 1.0.7
      '@leafer-ui/partner': 1.0.7
      '@leafer-ui/web': 1.0.7
      '@leafer/core': 1.0.7
      '@leafer/interface': 1.0.7
      '@leafer/partner': 1.0.7
      '@leafer/web': 1.0.7

  less@4.2.0:
    dependencies:
      copy-anything: 2.0.6
      parse-node-version: 1.0.1
      tslib: 2.8.0
    optionalDependencies:
      errno: 0.1.8
      graceful-fs: 4.2.11
      image-size: 0.5.5
      make-dir: 2.1.0
      mime: 1.6.0
      needle: 3.3.1
      source-map: 0.6.1

  make-dir@2.1.0:
    dependencies:
      pify: 4.0.1
      semver: 5.7.2
    optional: true

  mime@1.6.0:
    optional: true

  nanoid@3.3.7: {}

  needle@3.3.1:
    dependencies:
      iconv-lite: 0.6.3
      sax: 1.4.1
    optional: true

  parse-node-version@1.0.1: {}

  path@0.12.7:
    dependencies:
      process: 0.11.10
      util: 0.10.4

  picocolors@1.1.1: {}

  pify@4.0.1:
    optional: true

  postcss@8.4.47:
    dependencies:
      nanoid: 3.3.7
      picocolors: 1.1.1
      source-map-js: 1.2.1

  process@0.11.10: {}

  prr@1.0.1:
    optional: true

  rollup@4.24.0:
    dependencies:
      '@types/estree': 1.0.6
    optionalDependencies:
      '@rollup/rollup-android-arm-eabi': 4.24.0
      '@rollup/rollup-android-arm64': 4.24.0
      '@rollup/rollup-darwin-arm64': 4.24.0
      '@rollup/rollup-darwin-x64': 4.24.0
      '@rollup/rollup-linux-arm-gnueabihf': 4.24.0
      '@rollup/rollup-linux-arm-musleabihf': 4.24.0
      '@rollup/rollup-linux-arm64-gnu': 4.24.0
      '@rollup/rollup-linux-arm64-musl': 4.24.0
      '@rollup/rollup-linux-powerpc64le-gnu': 4.24.0
      '@rollup/rollup-linux-riscv64-gnu': 4.24.0
      '@rollup/rollup-linux-s390x-gnu': 4.24.0
      '@rollup/rollup-linux-x64-gnu': 4.24.0
      '@rollup/rollup-linux-x64-musl': 4.24.0
      '@rollup/rollup-win32-arm64-msvc': 4.24.0
      '@rollup/rollup-win32-ia32-msvc': 4.24.0
      '@rollup/rollup-win32-x64-msvc': 4.24.0
      fsevents: 2.3.3

  safer-buffer@2.1.2:
    optional: true

  sax@1.4.1:
    optional: true

  semver@5.7.2:
    optional: true

  source-map-js@1.2.1: {}

  source-map@0.6.1:
    optional: true

  tslib@2.8.0: {}

  typescript@5.6.3: {}

  undici-types@6.19.8: {}

  util@0.10.4:
    dependencies:
      inherits: 2.0.3

  vite@5.4.10(@types/node@22.7.9)(less@4.2.0):
    dependencies:
      esbuild: 0.21.5
      postcss: 8.4.47
      rollup: 4.24.0
    optionalDependencies:
      '@types/node': 22.7.9
      fsevents: 2.3.3
      less: 4.2.0
